// !$*UTF8*$!
{
	archiveVersion = 1;
	classes = {
	};
	objectVersion = 46;
	objects = {

/* Begin PBXBuildFile section */
		B31486141C5CA7F200D43094 /* main.m in Sources */ = {isa = PBXBuildFile; fileRef = B31486131C5CA7F200D43094 /* main.m */; };
		B31486171C5CA7F200D43094 /* AppDelegate.m in Sources */ = {isa = PBXBuildFile; fileRef = B31486161C5CA7F200D43094 /* AppDelegate.m */; };
		B314861F1C5CA7F200D43094 /* Assets.xcassets in Resources */ = {isa = PBXBuildFile; fileRef = B314861E1C5CA7F200D43094 /* Assets.xcassets */; };
		B31486221C5CA7F200D43094 /* LaunchScreen.storyboard in Resources */ = {isa = PBXBuildFile; fileRef = B31486201C5CA7F200D43094 /* LaunchScreen.storyboard */; };
		B314862D1C5CA7F200D43094 /* weiboTests.m in Sources */ = {isa = PBXBuildFile; fileRef = B314862C1C5CA7F200D43094 /* weiboTests.m */; };
		B31486381C5CA7F200D43094 /* weiboUITests.m in Sources */ = {isa = PBXBuildFile; fileRef = B31486371C5CA7F200D43094 /* weiboUITests.m */; };
/* End PBXBuildFile section */

/* Begin PBXContainerItemProxy section */
		B31486291C5CA7F200D43094 /* PBXContainerItemProxy */ = {
			isa = PBXContainerItemProxy;
			containerPortal = B31486071C5CA7F200D43094 /* Project object */;
			proxyType = 1;
			remoteGlobalIDString = B314860E1C5CA7F200D43094;
			remoteInfo = weibo;
		};
		B31486341C5CA7F200D43094 /* PBXContainerItemProxy */ = {
			isa = PBXContainerItemProxy;
			containerPortal = B31486071C5CA7F200D43094 /* Project object */;
			proxyType = 1;
			remoteGlobalIDString = B314860E1C5CA7F200D43094;
			remoteInfo = weibo;
		};
/* End PBXContainerItemProxy section */

/* Begin PBXFileReference section */
		B314860F1C5CA7F200D43094 /* weibo.app */ = {isa = PBXFileReference; explicitFileType = wrapper.application; includeInIndex = 0; path = weibo.app; sourceTree = BUILT_PRODUCTS_DIR; };
		B31486131C5CA7F200D43094 /* main.m */ = {isa = PBXFileReference; lastKnownFileType = sourcecode.c.objc; path = main.m; sourceTree = "<group>"; };
		B31486151C5CA7F200D43094 /* AppDelegate.h */ = {isa = PBXFileReference; lastKnownFileType = sourcecode.c.h; path = AppDelegate.h; sourceTree = "<group>"; };
		B31486161C5CA7F200D43094 /* AppDelegate.m */ = {isa = PBXFileReference; lastKnownFileType = sourcecode.c.objc; path = AppDelegate.m; sourceTree = "<group>"; };
		B314861E1C5CA7F200D43094 /* Assets.xcassets */ = {isa = PBXFileReference; lastKnownFileType = folder.assetcatalog; path = Assets.xcassets; sourceTree = "<group>"; };
		B31486211C5CA7F200D43094 /* Base */ = {isa = PBXFileReference; lastKnownFileType = file.storyboard; name = Base; path = Base.lproj/LaunchScreen.storyboard; sourceTree = "<group>"; };
		B31486231C5CA7F200D43094 /* Info.plist */ = {isa = PBXFileReference; lastKnownFileType = text.plist.xml; path = Info.plist; sourceTree = "<group>"; };
		B31486281C5CA7F200D43094 /* weiboTests.xctest */ = {isa = PBXFileReference; explicitFileType = wrapper.cfbundle; includeInIndex = 0; path = weiboTests.xctest; sourceTree = BUILT_PRODUCTS_DIR; };
		B314862C1C5CA7F200D43094 /* weiboTests.m */ = {isa = PBXFileReference; lastKnownFileType = sourcecode.c.objc; path = weiboTests.m; sourceTree = "<group>"; };
		B314862E1C5CA7F200D43094 /* Info.plist */ = {isa = PBXFileReference; lastKnownFileType = text.plist.xml; path = Info.plist; sourceTree = "<group>"; };
		B31486331C5CA7F200D43094 /* weiboUITests.xctest */ = {isa = PBXFileReference; explicitFileType = wrapper.cfbundle; includeInIndex = 0; path = weiboUITests.xctest; sourceTree = BUILT_PRODUCTS_DIR; };
		B31486371C5CA7F200D43094 /* weiboUITests.m */ = {isa = PBXFileReference; lastKnownFileType = sourcecode.c.objc; path = weiboUITests.m; sourceTree = "<group>"; };
		B31486391C5CA7F200D43094 /* Info.plist */ = {isa = PBXFileReference; lastKnownFileType = text.plist.xml; path = Info.plist; sourceTree = "<group>"; };
/* End PBXFileReference section */

/* Begin PBXFrameworksBuildPhase section */
		B314860C1C5CA7F200D43094 /* Frameworks */ = {
			isa = PBXFrameworksBuildPhase;
			buildActionMask = 2147483647;
			files = (
			);
			runOnlyForDeploymentPostprocessing = 0;
		};
		B31486251C5CA7F200D43094 /* Frameworks */ = {
			isa = PBXFrameworksBuildPhase;
			buildActionMask = 2147483647;
			files = (
			);
			runOnlyForDeploymentPostprocessing = 0;
		};
		B31486301C5CA7F200D43094 /* Frameworks */ = {
			isa = PBXFrameworksBuildPhase;
			buildActionMask = 2147483647;
			files = (
			);
			runOnlyForDeploymentPostprocessing = 0;
		};
/* End PBXFrameworksBuildPhase section */

/* Begin PBXGroup section */
		B31486061C5CA7F200D43094 = {
			isa = PBXGroup;
			children = (
				B31486111C5CA7F200D43094 /* weibo */,
				B314862B1C5CA7F200D43094 /* weiboTests */,
				B31486361C5CA7F200D43094 /* weiboUITests */,
				B31486101C5CA7F200D43094 /* Products */,
			);
			sourceTree = "<group>";
		};
		B31486101C5CA7F200D43094 /* Products */ = {
			isa = PBXGroup;
			children = (
				B314860F1C5CA7F200D43094 /* weibo.app */,
				B31486281C5CA7F200D43094 /* weiboTests.xctest */,
				B31486331C5CA7F200D43094 /* weiboUITests.xctest */,
			);
			name = Products;
			sourceTree = "<group>";
		};
		B31486111C5CA7F200D43094 /* weibo */ = {
			isa = PBXGroup;
			children = (
				B31486151C5CA7F200D43094 /* AppDelegate.h */,
				B31486161C5CA7F200D43094 /* AppDelegate.m */,
				B314861E1C5CA7F200D43094 /* Assets.xcassets */,
				B31486201C5CA7F200D43094 /* LaunchScreen.storyboard */,
				B31486231C5CA7F200D43094 /* Info.plist */,
				B31486121C5CA7F200D43094 /* Supporting Files */,
			);
			path = weibo;
			sourceTree = "<group>";
		};
		B31486121C5CA7F200D43094 /* Supporting Files */ = {
			isa = PBXGroup;
			children = (
				B31486131C5CA7F200D43094 /* main.m */,
			);
			name = "Supporting Files";
			sourceTree = "<group>";
		};
		B314862B1C5CA7F200D43094 /* weiboTests */ = {
			isa = PBXGroup;
			children = (
				B314862C1C5CA7F200D43094 /* weiboTests.m */,
				B314862E1C5CA7F200D43094 /* Info.plist */,
			);
			path = weiboTests;
			sourceTree = "<group>";
		};
		B31486361C5CA7F200D43094 /* weiboUITests */ = {
			isa = PBXGroup;
			children = (
				B31486371C5CA7F200D43094 /* weiboUITests.m */,
				B31486391C5CA7F200D43094 /* Info.plist */,
			);
			path = weiboUITests;
			sourceTree = "<group>";
		};
/* End PBXGroup section */

/* Begin PBXNativeTarget section */
		B314860E1C5CA7F200D43094 /* weibo */ = {
			isa = PBXNativeTarget;
			buildConfigurationList = B314863C1C5CA7F200D43094 /* Build configuration list for PBXNativeTarget "weibo" */;
			buildPhases = (
				B314860B1C5CA7F200D43094 /* Sources */,
				B314860C1C5CA7F200D43094 /* Frameworks */,
				B314860D1C5CA7F200D43094 /* Resources */,
			);
			buildRules = (
			);
			dependencies = (
			);
			name = weibo;
			productName = weibo;
			productReference = B314860F1C5CA7F200D43094 /* weibo.app */;
			productType = "com.apple.product-type.application";
		};
		B31486271C5CA7F200D43094 /* weiboTests */ = {
			isa = PBXNativeTarget;
			buildConfigurationList = B314863F1C5CA7F200D43094 /* Build configuration list for PBXNativeTarget "weiboTests" */;
			buildPhases = (
				B31486241C5CA7F200D43094 /* Sources */,
				B31486251C5CA7F200D43094 /* Frameworks */,
				B31486261C5CA7F200D43094 /* Resources */,
			);
			buildRules = (
			);
			dependencies = (
				B314862A1C5CA7F200D43094 /* PBXTargetDependency */,
			);
			name = weiboTests;
			productName = weiboTests;
			productReference = B31486281C5CA7F200D43094 /* weiboTests.xctest */;
			productType = "com.apple.product-type.bundle.unit-test";
		};
		B31486321C5CA7F200D43094 /* weiboUITests */ = {
			isa = PBXNativeTarget;
			buildConfigurationList = B31486421C5CA7F200D43094 /* Build configuration list for PBXNativeTarget "weiboUITests" */;
			buildPhases = (
				B314862F1C5CA7F200D43094 /* Sources */,
				B31486301C5CA7F200D43094 /* Frameworks */,
				B31486311C5CA7F200D43094 /* Resources */,
			);
			buildRules = (
			);
			dependencies = (
				B31486351C5CA7F200D43094 /* PBXTargetDependency */,
			);
			name = weiboUITests;
			productName = weiboUITests;
			productReference = B31486331C5CA7F200D43094 /* weiboUITests.xctest */;
			productType = "com.apple.product-type.bundle.ui-testing";
		};
/* End PBXNativeTarget section */

/* Begin PBXProject section */
		B31486071C5CA7F200D43094 /* Project object */ = {
			isa = PBXProject;
			attributes = {
				LastUpgradeCheck = 0720;
				ORGANIZATIONNAME = leo;
				TargetAttributes = {
					B314860E1C5CA7F200D43094 = {
						CreatedOnToolsVersion = 7.2;
					};
					B31486271C5CA7F200D43094 = {
						CreatedOnToolsVersion = 7.2;
						TestTargetID = B314860E1C5CA7F200D43094;
					};
					B31486321C5CA7F200D43094 = {
						CreatedOnToolsVersion = 7.2;
						TestTargetID = B314860E1C5CA7F200D43094;
					};
				};
			};
			buildConfigurationList = B314860A1C5CA7F200D43094 /* Build configuration list for PBXProject "weibo" */;
			compatibilityVersion = "Xcode 3.2";
			developmentRegion = English;
			hasScannedForEncodings = 0;
			knownRegions = (
				en,
				Base,
			);
			mainGroup = B31486061C5CA7F200D43094;
			productRefGroup = B31486101C5CA7F200D43094 /* Products */;
			projectDirPath = "";
			projectRoot = "";
			targets = (
				B314860E1C5CA7F200D43094 /* weibo */,
				B31486271C5CA7F200D43094 /* weiboTests */,
				B31486321C5CA7F200D43094 /* weiboUITests */,
			);
		};
/* End PBXProject section */

/* Begin PBXResourcesBuildPhase section */
		B314860D1C5CA7F200D43094 /* Resources */ = {
			isa = PBXResourcesBuildPhase;
			buildActionMask = 2147483647;
			files = (
				B31486221C5CA7F200D43094 /* LaunchScreen.storyboard in Resources */,
				B314861F1C5CA7F200D43094 /* Assets.xcassets in Resources */,
			);
			runOnlyForDeploymentPostprocessing = 0;
		};
		B31486261C5CA7F200D43094 /* Resources */ = {
			isa = PBXResourcesBuildPhase;
			buildActionMask = 2147483647;
			files = (
			);
			runOnlyForDeploymentPostprocessing = 0;
		};
		B31486311C5CA7F200D43094 /* Resources */ = {
			isa = PBXResourcesBuildPhase;
			buildActionMask = 2147483647;
			files = (
			);
			runOnlyForDeploymentPostprocessing = 0;
		};
/* End PBXResourcesBuildPhase section */

/* Begin PBXSourcesBuildPhase section */
		B314860B1C5CA7F200D43094 /* Sources */ = {
			isa = PBXSourcesBuildPhase;
			buildActionMask = 2147483647;
			files = (
				B31486171C5CA7F200D43094 /* AppDelegate.m in Sources */,
				B31486141C5CA7F200D43094 /* main.m in Sources */,
			);
			runOnlyForDeploymentPostprocessing = 0;
		};
		B31486241C5CA7F200D43094 /* Sources */ = {
			isa = PBXSourcesBuildPhase;
			buildActionMask = 2147483647;
			files = (
				B314862D1C5CA7F200D43094 /* weiboTests.m in Sources */,
			);
			runOnlyForDeploymentPostprocessing = 0;
		};
		B314862F1C5CA7F200D43094 /* Sources */ = {
			isa = PBXSourcesBuildPhase;
			buildActionMask = 2147483647;
			files = (
				B31486381C5CA7F200D43094 /* weiboUITests.m in Sources */,
			);
			runOnlyForDeploymentPostprocessing = 0;
		};
/* End PBXSourcesBuildPhase section */

/* Begin PBXTargetDependency section */
		B314862A1C5CA7F200D43094 /* PBXTargetDependency */ = {
			isa = PBXTargetDependency;
			target = B314860E1C5CA7F200D43094 /* weibo */;
			targetProxy = B31486291C5CA7F200D43094 /* PBXContainerItemProxy */;
		};
		B31486351C5CA7F200D43094 /* PBXTargetDependency */ = {
			isa = PBXTargetDependency;
			target = B314860E1C5CA7F200D43094 /* weibo */;
			targetProxy = B31486341C5CA7F200D43094 /* PBXContainerItemProxy */;
		};
/* End PBXTargetDependency section */

/* Begin PBXVariantGroup section */
		B31486201C5CA7F200D43094 /* LaunchScreen.storyboard */ = {
			isa = PBXVariantGroup;
			children = (
				B31486211C5CA7F200D43094 /* Base */,
			);
			name = LaunchScreen.storyboard;
			sourceTree = "<group>";
		};
/* End PBXVariantGroup section */

/* Begin XCBuildConfiguration section */
		B314863A1C5CA7F200D43094 /* Debug */ = {
			isa = XCBuildConfiguration;
			buildSettings = {
				ALWAYS_SEARCH_USER_PATHS = NO;
				CLANG_CXX_LANGUAGE_STANDARD = "gnu++0x";
				CLANG_CXX_LIBRARY = "libc++";
				CLANG_ENABLE_MODULES = YES;
				CLANG_ENABLE_OBJC_ARC = YES;
				CLANG_WARN_BOOL_CONVERSION = YES;
				CLANG_WARN_CONSTANT_CONVERSION = YES;
				CLANG_WARN_DIRECT_OBJC_ISA_USAGE = YES_ERROR;
				CLANG_WARN_EMPTY_BODY = YES;
				CLANG_WARN_ENUM_CONVERSION = YES;
				CLANG_WARN_INT_CONVERSION = YES;
				CLANG_WARN_OBJC_ROOT_CLASS = YES_ERROR;
				CLANG_WARN_UNREACHABLE_CODE = YES;
				CLANG_WARN__DUPLICATE_METHOD_MATCH = YES;
				"CODE_SIGN_IDENTITY[sdk=iphoneos*]" = "iPhone Developer";
				COPY_PHASE_STRIP = NO;
				DEBUG_INFORMATION_FORMAT = dwarf;
				ENABLE_STRICT_OBJC_MSGSEND = YES;
				ENABLE_TESTABILITY = YES;
				GCC_C_LANGUAGE_STANDARD = gnu99;
				GCC_DYNAMIC_NO_PIC = NO;
				GCC_NO_COMMON_BLOCKS = YES;
				GCC_OPTIMIZATION_LEVEL = 0;
				GCC_PREPROCESSOR_DEFINITIONS = (
					"DEBUG=1",
					"$(inherited)",
				);
				GCC_WARN_64_TO_32_BIT_CONVERSION = YES;
				GCC_WARN_ABOUT_RETURN_TYPE = YES_ERROR;
				GCC_WARN_UNDECLARED_SELECTOR = YES;
				GCC_WARN_UNINITIALIZED_AUTOS = YES_AGGRESSIVE;
				GCC_WARN_UNUSED_FUNCTION = YES;
				GCC_WARN_UNUSED_VARIABLE = YES;
				IPHONEOS_DEPLOYMENT_TARGET = 9.2;
				MTL_ENABLE_DEBUG_INFO = YES;
				ONLY_ACTIVE_ARCH = YES;
				SDKROOT = iphoneos;
			};
			name = Debug;
		};
		B314863B1C5CA7F200D43094 /* Release */ = {
			isa = XCBuildConfiguration;
			buildSettings = {
				ALWAYS_SEARCH_USER_PATHS = NO;
				CLANG_CXX_LANGUAGE_STANDARD = "gnu++0x";
				CLANG_CXX_LIBRARY = "libc++";
				CLANG_ENABLE_MODULES = YES;
				CLANG_ENABLE_OBJC_ARC = YES;
				CLANG_WARN_BOOL_CONVERSION = YES;
				CLANG_WARN_CONSTANT_CONVERSION = YES;
				CLANG_WARN_DIRECT_OBJC_ISA_USAGE = YES_ERROR;
				CLANG_WARN_EMPTY_BODY = YES;
				CLANG_WARN_ENUM_CONVERSION = YES;
				CLANG_WARN_INT_CONVERSION = YES;
				CLANG_WARN_OBJC_ROOT_CLASS = YES_ERROR;
				CLANG_WARN_UNREACHABLE_CODE = YES;
				CLANG_WARN__DUPLICATE_METHOD_MATCH = YES;
				"CODE_SIGN_IDENTITY[sdk=iphoneos*]" = "iPhone Developer";
				COPY_PHASE_STRIP = NO;
				DEBUG_INFORMATION_FORMAT = "dwarf-with-dsym";
				ENABLE_NS_ASSERTIONS = NO;
				ENABLE_STRICT_OBJC_MSGSEND = YES;
				GCC_C_LANGUAGE_STANDARD = gnu99;
				GCC_NO_COMMON_BLOCKS = YES;
				GCC_WARN_64_TO_32_BIT_CONVERSION = YES;
				GCC_WARN_ABOUT_RETURN_TYPE = YES_ERROR;
				GCC_WARN_UNDECLARED_SELECTOR = YES;
				GCC_WARN_UNINITIALIZED_AUTOS = YES_AGGRESSIVE;
				GCC_WARN_UNUSED_FUNCTION = YES;
				GCC_WARN_UNUSED_VARIABLE = YES;
				IPHONEOS_DEPLOYMENT_TARGET = 9.2;
				MTL_ENABLE_DEBUG_INFO = NO;
				SDKROOT = iphoneos;
				VALIDATE_PRODUCT = YES;
			};
			name = Release;
		};
		B314863D1C5CA7F200D43094 /* Debug */ = {
			isa = XCBuildConfiguration;
			buildSettings = {
				ASSETCATALOG_COMPILER_APPICON_NAME = AppIcon;
				INFOPLIST_FILE = weibo/Info.plist;
				IPHONEOS_DEPLOYMENT_TARGET = 7.0;
				LD_RUNPATH_SEARCH_PATHS = "$(inherited) @executable_path/Frameworks";
				PRODUCT_BUNDLE_IDENTIFIER = com.leo.weibo;
				PRODUCT_NAME = "$(TARGET_NAME)";
			};
			name = Debug;
		};
		B314863E1C5CA7F200D43094 /* Release */ = {
			isa = XCBuildConfiguration;
			buildSettings = {
				ASSETCATALOG_COMPILER_APPICON_NAME = AppIcon;
				INFOPLIST_FILE = weibo/Info.plist;
				IPHONEOS_DEPLOYMENT_TARGET = 7.0;
				LD_RUNPATH_SEARCH_PATHS = "$(inherited) @executable_path/Frameworks";
				PRODUCT_BUNDLE_IDENTIFIER = com.leo.weibo;
				PRODUCT_NAME = "$(TARGET_NAME)";
			};
			name = Release;
		};
		B31486401C5CA7F200D43094 /* Debug */ = {
			isa = XCBuildConfiguration;
			buildSettings = {
				BUNDLE_LOADER = "$(TEST_HOST)";
				INFOPLIST_FILE = weiboTests/Info.plist;
				LD_RUNPATH_SEARCH_PATHS = "$(inherited) @executable_path/Frameworks @loader_path/Frameworks";
				PRODUCT_BUNDLE_IDENTIFIER = com.leo.weiboTests;
				PRODUCT_NAME = "$(TARGET_NAME)";
				TEST_HOST = "$(BUILT_PRODUCTS_DIR)/weibo.app/weibo";
			};
			name = Debug;
		};
		B31486411C5CA7F200D43094 /* Release */ = {
			isa = XCBuildConfiguration;
			buildSettings = {
				BUNDLE_LOADER = "$(TEST_HOST)";
				INFOPLIST_FILE = weiboTests/Info.plist;
				LD_RUNPATH_SEARCH_PATHS = "$(inherited) @executable_path/Frameworks @loader_path/Frameworks";
				PRODUCT_BUNDLE_IDENTIFIER = com.leo.weiboTests;
				PRODUCT_NAME = "$(TARGET_NAME)";
				TEST_HOST = "$(BUILT_PRODUCTS_DIR)/weibo.app/weibo";
			};
			name = Release;
		};
		B31486431C5CA7F200D43094 /* Debug */ = {
			isa = XCBuildConfiguration;
			buildSettings = {
				INFOPLIST_FILE = weiboUITests/Info.plist;
				LD_RUNPATH_SEARCH_PATHS = "$(inherited) @executable_path/Frameworks @loader_path/Frameworks";
				PRODUCT_BUNDLE_IDENTIFIER = com.leo.weiboUITests;
				PRODUCT_NAME = "$(TARGET_NAME)";
				TEST_TARGET_NAME = weibo;
				USES_XCTRUNNER = YES;
			};
			name = Debug;
		};
		B31486441C5CA7F200D43094 /* Release */ = {
			isa = XCBuildConfiguration;
			buildSettings = {
				INFOPLIST_FILE = weiboUITests/Info.plist;
				LD_RUNPATH_SEARCH_PATHS = "$(inherited) @executable_path/Frameworks @loader_path/Frameworks";
				PRODUCT_BUNDLE_IDENTIFIER = com.leo.weiboUITests;
				PRODUCT_NAME = "$(TARGET_NAME)";
				TEST_TARGET_NAME = weibo;
				USES_XCTRUNNER = YES;
			};
			name = Release;
		};
/* End XCBuildConfiguration section */

/* Begin XCConfigurationList section */
		B314860A1C5CA7F200D43094 /* Build configuration list for PBXProject "weibo" */ = {
			isa = XCConfigurationList;
			buildConfigurations = (
				B314863A1C5CA7F200D43094 /* Debug */,
				B314863B1C5CA7F200D43094 /* Release */,
			);
			defaultConfigurationIsVisible = 0;
			defaultConfigurationName = Release;
		};
		B314863C1C5CA7F200D43094 /* Build configuration list for PBXNativeTarget "weibo" */ = {
			isa = XCConfigurationList;
			buildConfigurations = (
				B314863D1C5CA7F200D43094 /* Debug */,
				B314863E1C5CA7F200D43094 /* Release */,
			);
			defaultConfigurationIsVisible = 0;
		};
		B314863F1C5CA7F200D43094 /* Build configuration list for PBXNativeTarget "weiboTests" */ = {
			isa = XCConfigurationList;
			buildConfigurations = (
				B31486401C5CA7F200D43094 /* Debug */,
				B31486411C5CA7F200D43094 /* Release */,
			);
			defaultConfigurationIsVisible = 0;
		};
		B31486421C5CA7F200D43094 /* Build configuration list for PBXNativeTarget "weiboUITests" */ = {
			isa = XCConfigurationList;
			buildConfigurations = (
				B31486431C5CA7F200D43094 /* Debug */,
				B31486441C5CA7F200D43094 /* Release */,
			);
			defaultConfigurationIsVisible = 0;
		};
/* End XCConfigurationList section */
	};
	rootObject = B31486071C5CA7F200D43094 /* Project object */;
}
