// !$*UTF8*$!
{
	archiveVersion = 1;
	classes = {
	};
	objectVersion = 46;
	objects = {

/* Begin PBXBuildFile section */
		87F4B6B56170C7D70CD1839E /* libPods-weibo.a in Frameworks */ = {isa = PBXBuildFile; fileRef = 6DF37F41ED74AFD42309290D /* libPods-weibo.a */; };
		B30959ED1C705805009C2384 /* NSDate+MJ.m in Sources */ = {isa = PBXBuildFile; fileRef = B30959EC1C705805009C2384 /* NSDate+MJ.m */; };
		B30959F01C72C224009C2384 /* TTPhotosView.m in Sources */ = {isa = PBXBuildFile; fileRef = B30959EF1C72C224009C2384 /* TTPhotosView.m */; };
		B30EBFDD1C6DCCAB00AFD00A /* TTStatusCell.m in Sources */ = {isa = PBXBuildFile; fileRef = B30EBFDC1C6DCCAB00AFD00A /* TTStatusCell.m */; };
		B30EBFE01C6DCD8000AFD00A /* TTOriginalView.m in Sources */ = {isa = PBXBuildFile; fileRef = B30EBFDF1C6DCD8000AFD00A /* TTOriginalView.m */; };
		B30EBFE31C6DCEE400AFD00A /* TTRetweetView.m in Sources */ = {isa = PBXBuildFile; fileRef = B30EBFE21C6DCEE400AFD00A /* TTRetweetView.m */; };
		B30EBFE61C6DCF1900AFD00A /* TTStatusToolBar.m in Sources */ = {isa = PBXBuildFile; fileRef = B30EBFE51C6DCF1900AFD00A /* TTStatusToolBar.m */; };
		B30EBFEA1C6DE19F00AFD00A /* TTStatusFrame.m in Sources */ = {isa = PBXBuildFile; fileRef = B30EBFE91C6DE19F00AFD00A /* TTStatusFrame.m */; };
		B3135AF71C734CA7000FF8BF /* MJPhoto.m in Sources */ = {isa = PBXBuildFile; fileRef = B3135AE91C734CA7000FF8BF /* MJPhoto.m */; };
		B3135AF81C734CA7000FF8BF /* MJPhotoBrowser.bundle in Resources */ = {isa = PBXBuildFile; fileRef = B3135AEA1C734CA7000FF8BF /* MJPhotoBrowser.bundle */; };
		B3135AF91C734CA7000FF8BF /* MJPhotoBrowser.m in Sources */ = {isa = PBXBuildFile; fileRef = B3135AEC1C734CA7000FF8BF /* MJPhotoBrowser.m */; };
		B3135AFA1C734CA7000FF8BF /* MJPhotoLoadingView.m in Sources */ = {isa = PBXBuildFile; fileRef = B3135AEE1C734CA7000FF8BF /* MJPhotoLoadingView.m */; };
		B3135AFB1C734CA7000FF8BF /* MJPhotoProgressView.m in Sources */ = {isa = PBXBuildFile; fileRef = B3135AF01C734CA7000FF8BF /* MJPhotoProgressView.m */; };
		B3135AFC1C734CA7000FF8BF /* MJPhotoToolbar.m in Sources */ = {isa = PBXBuildFile; fileRef = B3135AF21C734CA7000FF8BF /* MJPhotoToolbar.m */; };
		B3135AFD1C734CA7000FF8BF /* MJPhotoView.m in Sources */ = {isa = PBXBuildFile; fileRef = B3135AF41C734CA7000FF8BF /* MJPhotoView.m */; };
		B3135AFE1C734CA7000FF8BF /* SDWebImageManager+MJ.m in Sources */ = {isa = PBXBuildFile; fileRef = B3135AF61C734CA7000FF8BF /* SDWebImageManager+MJ.m */; };
		B3135B011C7350EB000FF8BF /* TTPhotoView.m in Sources */ = {isa = PBXBuildFile; fileRef = B3135B001C7350EB000FF8BF /* TTPhotoView.m */; };
		B3135B0B1C735957000FF8BF /* TTComposeViewController.m in Sources */ = {isa = PBXBuildFile; fileRef = B3135B0A1C735957000FF8BF /* TTComposeViewController.m */; };
		B3135B0E1C74AA49000FF8BF /* TTTextView.m in Sources */ = {isa = PBXBuildFile; fileRef = B3135B0D1C74AA49000FF8BF /* TTTextView.m */; };
		B3135B111C755C00000FF8BF /* TTComposeToolBar.m in Sources */ = {isa = PBXBuildFile; fileRef = B3135B101C755C00000FF8BF /* TTComposeToolBar.m */; };
		B3135B141C756AF4000FF8BF /* TTComposePhotosView.m in Sources */ = {isa = PBXBuildFile; fileRef = B3135B131C756AF4000FF8BF /* TTComposePhotosView.m */; };
		B3135B191C75774A000FF8BF /* TTComposeParam.m in Sources */ = {isa = PBXBuildFile; fileRef = B3135B181C75774A000FF8BF /* TTComposeParam.m */; };
		B3135B1C1C757776000FF8BF /* TTComposeTool.m in Sources */ = {isa = PBXBuildFile; fileRef = B3135B1B1C757776000FF8BF /* TTComposeTool.m */; };
		B314861F1C5CA7F200D43094 /* Assets.xcassets in Resources */ = {isa = PBXBuildFile; fileRef = B314861E1C5CA7F200D43094 /* Assets.xcassets */; };
		B31486221C5CA7F200D43094 /* LaunchScreen.storyboard in Resources */ = {isa = PBXBuildFile; fileRef = B31486201C5CA7F200D43094 /* LaunchScreen.storyboard */; };
		B314862D1C5CA7F200D43094 /* weiboTests.m in Sources */ = {isa = PBXBuildFile; fileRef = B314862C1C5CA7F200D43094 /* weiboTests.m */; };
		B31486381C5CA7F200D43094 /* weiboUITests.m in Sources */ = {isa = PBXBuildFile; fileRef = B31486371C5CA7F200D43094 /* weiboUITests.m */; };
		B3766E821C65A1CB006790BC /* TTNewFeatureController.m in Sources */ = {isa = PBXBuildFile; fileRef = B3766E811C65A1CB006790BC /* TTNewFeatureController.m */; };
		B3766E851C65C3C8006790BC /* TTNewFeatureCell.m in Sources */ = {isa = PBXBuildFile; fileRef = B3766E841C65C3C8006790BC /* TTNewFeatureCell.m */; };
		B3766E8C1C66E509006790BC /* TTOAuthViewController.m in Sources */ = {isa = PBXBuildFile; fileRef = B3766E8B1C66E509006790BC /* TTOAuthViewController.m */; };
		B3766E981C695A32006790BC /* TTAccount.m in Sources */ = {isa = PBXBuildFile; fileRef = B3766E971C695A32006790BC /* TTAccount.m */; };
		B3766E9D1C696035006790BC /* TTAccountTool.m in Sources */ = {isa = PBXBuildFile; fileRef = B3766E9C1C696035006790BC /* TTAccountTool.m */; };
		B3766ED41C698F02006790BC /* MBProgressHUD+MJ.m in Sources */ = {isa = PBXBuildFile; fileRef = B3766ED01C698F02006790BC /* MBProgressHUD+MJ.m */; };
		B3766ED51C698F02006790BC /* MBProgressHUD.bundle in Resources */ = {isa = PBXBuildFile; fileRef = B3766ED11C698F02006790BC /* MBProgressHUD.bundle */; };
		B3766ED61C698F02006790BC /* MBProgressHUD.m in Sources */ = {isa = PBXBuildFile; fileRef = B3766ED31C698F02006790BC /* MBProgressHUD.m */; };
		B3766EDA1C69A8F2006790BC /* TTRootTool.m in Sources */ = {isa = PBXBuildFile; fileRef = B3766ED91C69A8F2006790BC /* TTRootTool.m */; };
		B3766EDD1C69D358006790BC /* TTStatus.m in Sources */ = {isa = PBXBuildFile; fileRef = B3766EDC1C69D358006790BC /* TTStatus.m */; };
		B3766EE01C69D64C006790BC /* TTUser.m in Sources */ = {isa = PBXBuildFile; fileRef = B3766EDF1C69D64C006790BC /* TTUser.m */; };
		B3766EE31C69D70D006790BC /* TTPhoto.m in Sources */ = {isa = PBXBuildFile; fileRef = B3766EE21C69D70D006790BC /* TTPhoto.m */; };
		B3766EF51C69EE42006790BC /* MJRefresh.bundle in Resources */ = {isa = PBXBuildFile; fileRef = B3766EE51C69EE42006790BC /* MJRefresh.bundle */; };
		B3766EF61C69EE42006790BC /* MJRefreshBaseView.m in Sources */ = {isa = PBXBuildFile; fileRef = B3766EE81C69EE42006790BC /* MJRefreshBaseView.m */; };
		B3766EF71C69EE42006790BC /* MJRefreshConst.m in Sources */ = {isa = PBXBuildFile; fileRef = B3766EEA1C69EE42006790BC /* MJRefreshConst.m */; };
		B3766EF81C69EE42006790BC /* MJRefreshFooterView.m in Sources */ = {isa = PBXBuildFile; fileRef = B3766EEC1C69EE42006790BC /* MJRefreshFooterView.m */; };
		B3766EF91C69EE42006790BC /* MJRefreshHeaderView.m in Sources */ = {isa = PBXBuildFile; fileRef = B3766EEE1C69EE42006790BC /* MJRefreshHeaderView.m */; };
		B3766EFA1C69EE42006790BC /* UIScrollView+MJExtension.m in Sources */ = {isa = PBXBuildFile; fileRef = B3766EF01C69EE42006790BC /* UIScrollView+MJExtension.m */; };
		B3766EFB1C69EE42006790BC /* UIScrollView+MJRefresh.m in Sources */ = {isa = PBXBuildFile; fileRef = B3766EF21C69EE42006790BC /* UIScrollView+MJRefresh.m */; };
		B3766EFC1C69EE42006790BC /* UIView+MJExtension.m in Sources */ = {isa = PBXBuildFile; fileRef = B3766EF41C69EE42006790BC /* UIView+MJExtension.m */; };
		B3766F0D1C69FF12006790BC /* MJConst.m in Sources */ = {isa = PBXBuildFile; fileRef = B3766EFF1C69FF12006790BC /* MJConst.m */; };
		B3766F0E1C69FF12006790BC /* MJFoundation.m in Sources */ = {isa = PBXBuildFile; fileRef = B3766F021C69FF12006790BC /* MJFoundation.m */; };
		B3766F0F1C69FF12006790BC /* MJIvar.m in Sources */ = {isa = PBXBuildFile; fileRef = B3766F041C69FF12006790BC /* MJIvar.m */; };
		B3766F101C69FF12006790BC /* MJType.m in Sources */ = {isa = PBXBuildFile; fileRef = B3766F061C69FF12006790BC /* MJType.m */; };
		B3766F111C69FF12006790BC /* NSObject+MJCoding.m in Sources */ = {isa = PBXBuildFile; fileRef = B3766F081C69FF12006790BC /* NSObject+MJCoding.m */; };
		B3766F121C69FF12006790BC /* NSObject+MJIvar.m in Sources */ = {isa = PBXBuildFile; fileRef = B3766F0A1C69FF12006790BC /* NSObject+MJIvar.m */; };
		B3766F131C69FF12006790BC /* NSObject+MJKeyValue.m in Sources */ = {isa = PBXBuildFile; fileRef = B3766F0C1C69FF12006790BC /* NSObject+MJKeyValue.m */; };
		B3BB055D1C6AE54300B605E1 /* TTHttpTool.m in Sources */ = {isa = PBXBuildFile; fileRef = B3BB055C1C6AE54300B605E1 /* TTHttpTool.m */; };
		B3BB05A31C6C330200B605E1 /* TTStatusTool.m in Sources */ = {isa = PBXBuildFile; fileRef = B3BB05A21C6C330200B605E1 /* TTStatusTool.m */; };
		B3BB05A81C6C556000B605E1 /* TTStatusParam.m in Sources */ = {isa = PBXBuildFile; fileRef = B3BB05A71C6C556000B605E1 /* TTStatusParam.m */; };
		B3BB05AB1C6C57BC00B605E1 /* TTStatusResult.m in Sources */ = {isa = PBXBuildFile; fileRef = B3BB05AA1C6C57BC00B605E1 /* TTStatusResult.m */; };
		B3BB05AF1C6C624200B605E1 /* TTAccountParam.m in Sources */ = {isa = PBXBuildFile; fileRef = B3BB05AE1C6C624200B605E1 /* TTAccountParam.m */; };
		B3BB05B51C6C67ED00B605E1 /* TTUserParam.m in Sources */ = {isa = PBXBuildFile; fileRef = B3BB05B41C6C67ED00B605E1 /* TTUserParam.m */; };
		B3BB05B91C6C688000B605E1 /* TTBaseParam.m in Sources */ = {isa = PBXBuildFile; fileRef = B3BB05B81C6C688000B605E1 /* TTBaseParam.m */; };
		B3BB05BC1C6C69F800B605E1 /* TTUserResult.m in Sources */ = {isa = PBXBuildFile; fileRef = B3BB05BB1C6C69F800B605E1 /* TTUserResult.m */; };
		B3BB05BF1C6C6BC000B605E1 /* TTUserTool.m in Sources */ = {isa = PBXBuildFile; fileRef = B3BB05BE1C6C6BC000B605E1 /* TTUserTool.m */; };
		B3BB05C11C6C798900B605E1 /* AVFoundation.framework in Frameworks */ = {isa = PBXBuildFile; fileRef = B3BB05C01C6C798900B605E1 /* AVFoundation.framework */; };
		B3BB05C51C6C7A0E00B605E1 /* silence.mp3 in Resources */ = {isa = PBXBuildFile; fileRef = B3BB05C31C6C7A0E00B605E1 /* silence.mp3 */; };
		B3BB05C61C6C7A0E00B605E1 /* 爸比我要喝奶奶.mp3 in Resources */ = {isa = PBXBuildFile; fileRef = B3BB05C41C6C7A0E00B605E1 /* 爸比我要喝奶奶.mp3 */; };
		B3C812FB1C5DB946002A37C5 /* UIKit.framework in Frameworks */ = {isa = PBXBuildFile; fileRef = B3C812FA1C5DB946002A37C5 /* UIKit.framework */; };
		B3C8131F1C5E041F002A37C5 /* TTTabBarController.m in Sources */ = {isa = PBXBuildFile; fileRef = B3C8130B1C5E041F002A37C5 /* TTTabBarController.m */; };
		B3C813201C5E041F002A37C5 /* TTTabBar.m in Sources */ = {isa = PBXBuildFile; fileRef = B3C8130F1C5E041F002A37C5 /* TTTabBar.m */; };
		B3C813211C5E041F002A37C5 /* AppDelegate.m in Sources */ = {isa = PBXBuildFile; fileRef = B3C813161C5E041F002A37C5 /* AppDelegate.m */; };
		B3C813221C5E041F002A37C5 /* UIImage+Image.m in Sources */ = {isa = PBXBuildFile; fileRef = B3C813191C5E041F002A37C5 /* UIImage+Image.m */; };
		B3C813231C5E041F002A37C5 /* main.m in Sources */ = {isa = PBXBuildFile; fileRef = B3C8131A1C5E041F002A37C5 /* main.m */; };
		B3C813261C5E0F9D002A37C5 /* TTDiscoverViewController.m in Sources */ = {isa = PBXBuildFile; fileRef = B3C813251C5E0F9D002A37C5 /* TTDiscoverViewController.m */; };
		B3C8132A1C5E1129002A37C5 /* UIView+Frame.m in Sources */ = {isa = PBXBuildFile; fileRef = B3C813291C5E1129002A37C5 /* UIView+Frame.m */; };
		B3C8132D1C5E11FD002A37C5 /* TTSearchBar.m in Sources */ = {isa = PBXBuildFile; fileRef = B3C8132C1C5E11FD002A37C5 /* TTSearchBar.m */; };
		B3C813301C5EF390002A37C5 /* UIBarButtonItem+Item.m in Sources */ = {isa = PBXBuildFile; fileRef = B3C8132F1C5EF390002A37C5 /* UIBarButtonItem+Item.m */; };
		B3C813331C5EF974002A37C5 /* TTNavigationController.m in Sources */ = {isa = PBXBuildFile; fileRef = B3C813321C5EF974002A37C5 /* TTNavigationController.m */; };
		B3C813361C5EFC68002A37C5 /* TTTitleButton.m in Sources */ = {isa = PBXBuildFile; fileRef = B3C813351C5EFC68002A37C5 /* TTTitleButton.m */; };
		B3C813391C5F014F002A37C5 /* TTPopMenu.m in Sources */ = {isa = PBXBuildFile; fileRef = B3C813381C5F014F002A37C5 /* TTPopMenu.m */; };
		B3C8133C1C5F0498002A37C5 /* TTCover.m in Sources */ = {isa = PBXBuildFile; fileRef = B3C8133B1C5F0498002A37C5 /* TTCover.m */; };
		B3C8133F1C5F07A6002A37C5 /* TTHomeViewController.m in Sources */ = {isa = PBXBuildFile; fileRef = B3C8133E1C5F07A6002A37C5 /* TTHomeViewController.m */; };
		B3C813421C5F228C002A37C5 /* TTOneViewController.m in Sources */ = {isa = PBXBuildFile; fileRef = B3C813411C5F228C002A37C5 /* TTOneViewController.m */; };
		B3C813451C5F2482002A37C5 /* TTMessageViewController.m in Sources */ = {isa = PBXBuildFile; fileRef = B3C813441C5F2482002A37C5 /* TTMessageViewController.m */; };
		B3C813481C5F25A0002A37C5 /* TTProfileViewController.m in Sources */ = {isa = PBXBuildFile; fileRef = B3C813471C5F25A0002A37C5 /* TTProfileViewController.m */; };
		B3C8134B1C5F2804002A37C5 /* TTTabBarButton.m in Sources */ = {isa = PBXBuildFile; fileRef = B3C8134A1C5F2804002A37C5 /* TTTabBarButton.m */; };
		B3C8134E1C5F2859002A37C5 /* TTBadgeView.m in Sources */ = {isa = PBXBuildFile; fileRef = B3C8134D1C5F2859002A37C5 /* TTBadgeView.m */; };
		B3D365211C7599FE003BB1EB /* TTUploadParam.m in Sources */ = {isa = PBXBuildFile; fileRef = B3D365201C7599FE003BB1EB /* TTUploadParam.m */; };
/* End PBXBuildFile section */

/* Begin PBXContainerItemProxy section */
		B31486291C5CA7F200D43094 /* PBXContainerItemProxy */ = {
			isa = PBXContainerItemProxy;
			containerPortal = B31486071C5CA7F200D43094 /* Project object */;
			proxyType = 1;
			remoteGlobalIDString = B314860E1C5CA7F200D43094;
			remoteInfo = weibo;
		};
		B31486341C5CA7F200D43094 /* PBXContainerItemProxy */ = {
			isa = PBXContainerItemProxy;
			containerPortal = B31486071C5CA7F200D43094 /* Project object */;
			proxyType = 1;
			remoteGlobalIDString = B314860E1C5CA7F200D43094;
			remoteInfo = weibo;
		};
/* End PBXContainerItemProxy section */

/* Begin PBXFileReference section */
		6DF37F41ED74AFD42309290D /* libPods-weibo.a */ = {isa = PBXFileReference; explicitFileType = archive.ar; includeInIndex = 0; path = "libPods-weibo.a"; sourceTree = BUILT_PRODUCTS_DIR; };
		9F45FA89B5DE4974F9148990 /* Pods-weibo.debug.xcconfig */ = {isa = PBXFileReference; includeInIndex = 1; lastKnownFileType = text.xcconfig; name = "Pods-weibo.debug.xcconfig"; path = "Pods/Target Support Files/Pods-weibo/Pods-weibo.debug.xcconfig"; sourceTree = "<group>"; };
		A5F4AC93093C7A70AADB6CFA /* Pods-weibo.release.xcconfig */ = {isa = PBXFileReference; includeInIndex = 1; lastKnownFileType = text.xcconfig; name = "Pods-weibo.release.xcconfig"; path = "Pods/Target Support Files/Pods-weibo/Pods-weibo.release.xcconfig"; sourceTree = "<group>"; };
		B30959EB1C705805009C2384 /* NSDate+MJ.h */ = {isa = PBXFileReference; fileEncoding = 4; lastKnownFileType = sourcecode.c.h; path = "NSDate+MJ.h"; sourceTree = "<group>"; };
		B30959EC1C705805009C2384 /* NSDate+MJ.m */ = {isa = PBXFileReference; fileEncoding = 4; lastKnownFileType = sourcecode.c.objc; path = "NSDate+MJ.m"; sourceTree = "<group>"; };
		B30959EE1C72C224009C2384 /* TTPhotosView.h */ = {isa = PBXFileReference; fileEncoding = 4; lastKnownFileType = sourcecode.c.h; path = TTPhotosView.h; sourceTree = "<group>"; };
		B30959EF1C72C224009C2384 /* TTPhotosView.m */ = {isa = PBXFileReference; fileEncoding = 4; lastKnownFileType = sourcecode.c.objc; path = TTPhotosView.m; sourceTree = "<group>"; };
		B30EBFDB1C6DCCAB00AFD00A /* TTStatusCell.h */ = {isa = PBXFileReference; fileEncoding = 4; lastKnownFileType = sourcecode.c.h; path = TTStatusCell.h; sourceTree = "<group>"; };
		B30EBFDC1C6DCCAB00AFD00A /* TTStatusCell.m */ = {isa = PBXFileReference; fileEncoding = 4; lastKnownFileType = sourcecode.c.objc; path = TTStatusCell.m; sourceTree = "<group>"; };
		B30EBFDE1C6DCD8000AFD00A /* TTOriginalView.h */ = {isa = PBXFileReference; fileEncoding = 4; lastKnownFileType = sourcecode.c.h; path = TTOriginalView.h; sourceTree = "<group>"; };
		B30EBFDF1C6DCD8000AFD00A /* TTOriginalView.m */ = {isa = PBXFileReference; fileEncoding = 4; lastKnownFileType = sourcecode.c.objc; path = TTOriginalView.m; sourceTree = "<group>"; };
		B30EBFE11C6DCEE400AFD00A /* TTRetweetView.h */ = {isa = PBXFileReference; fileEncoding = 4; lastKnownFileType = sourcecode.c.h; path = TTRetweetView.h; sourceTree = "<group>"; };
		B30EBFE21C6DCEE400AFD00A /* TTRetweetView.m */ = {isa = PBXFileReference; fileEncoding = 4; lastKnownFileType = sourcecode.c.objc; path = TTRetweetView.m; sourceTree = "<group>"; };
		B30EBFE41C6DCF1900AFD00A /* TTStatusToolBar.h */ = {isa = PBXFileReference; fileEncoding = 4; lastKnownFileType = sourcecode.c.h; path = TTStatusToolBar.h; sourceTree = "<group>"; };
		B30EBFE51C6DCF1900AFD00A /* TTStatusToolBar.m */ = {isa = PBXFileReference; fileEncoding = 4; lastKnownFileType = sourcecode.c.objc; path = TTStatusToolBar.m; sourceTree = "<group>"; };
		B30EBFE81C6DE19F00AFD00A /* TTStatusFrame.h */ = {isa = PBXFileReference; fileEncoding = 4; lastKnownFileType = sourcecode.c.h; path = TTStatusFrame.h; sourceTree = "<group>"; };
		B30EBFE91C6DE19F00AFD00A /* TTStatusFrame.m */ = {isa = PBXFileReference; fileEncoding = 4; lastKnownFileType = sourcecode.c.objc; path = TTStatusFrame.m; sourceTree = "<group>"; };
		B3135AE81C734CA7000FF8BF /* MJPhoto.h */ = {isa = PBXFileReference; fileEncoding = 4; lastKnownFileType = sourcecode.c.h; path = MJPhoto.h; sourceTree = "<group>"; };
		B3135AE91C734CA7000FF8BF /* MJPhoto.m */ = {isa = PBXFileReference; fileEncoding = 4; lastKnownFileType = sourcecode.c.objc; path = MJPhoto.m; sourceTree = "<group>"; };
		B3135AEA1C734CA7000FF8BF /* MJPhotoBrowser.bundle */ = {isa = PBXFileReference; lastKnownFileType = "wrapper.plug-in"; path = MJPhotoBrowser.bundle; sourceTree = "<group>"; };
		B3135AEB1C734CA7000FF8BF /* MJPhotoBrowser.h */ = {isa = PBXFileReference; fileEncoding = 4; lastKnownFileType = sourcecode.c.h; path = MJPhotoBrowser.h; sourceTree = "<group>"; };
		B3135AEC1C734CA7000FF8BF /* MJPhotoBrowser.m */ = {isa = PBXFileReference; fileEncoding = 4; lastKnownFileType = sourcecode.c.objc; path = MJPhotoBrowser.m; sourceTree = "<group>"; };
		B3135AED1C734CA7000FF8BF /* MJPhotoLoadingView.h */ = {isa = PBXFileReference; fileEncoding = 4; lastKnownFileType = sourcecode.c.h; path = MJPhotoLoadingView.h; sourceTree = "<group>"; };
		B3135AEE1C734CA7000FF8BF /* MJPhotoLoadingView.m */ = {isa = PBXFileReference; fileEncoding = 4; lastKnownFileType = sourcecode.c.objc; path = MJPhotoLoadingView.m; sourceTree = "<group>"; };
		B3135AEF1C734CA7000FF8BF /* MJPhotoProgressView.h */ = {isa = PBXFileReference; fileEncoding = 4; lastKnownFileType = sourcecode.c.h; path = MJPhotoProgressView.h; sourceTree = "<group>"; };
		B3135AF01C734CA7000FF8BF /* MJPhotoProgressView.m */ = {isa = PBXFileReference; fileEncoding = 4; lastKnownFileType = sourcecode.c.objc; path = MJPhotoProgressView.m; sourceTree = "<group>"; };
		B3135AF11C734CA7000FF8BF /* MJPhotoToolbar.h */ = {isa = PBXFileReference; fileEncoding = 4; lastKnownFileType = sourcecode.c.h; path = MJPhotoToolbar.h; sourceTree = "<group>"; };
		B3135AF21C734CA7000FF8BF /* MJPhotoToolbar.m */ = {isa = PBXFileReference; fileEncoding = 4; lastKnownFileType = sourcecode.c.objc; path = MJPhotoToolbar.m; sourceTree = "<group>"; };
		B3135AF31C734CA7000FF8BF /* MJPhotoView.h */ = {isa = PBXFileReference; fileEncoding = 4; lastKnownFileType = sourcecode.c.h; path = MJPhotoView.h; sourceTree = "<group>"; };
		B3135AF41C734CA7000FF8BF /* MJPhotoView.m */ = {isa = PBXFileReference; fileEncoding = 4; lastKnownFileType = sourcecode.c.objc; path = MJPhotoView.m; sourceTree = "<group>"; };
		B3135AF51C734CA7000FF8BF /* SDWebImageManager+MJ.h */ = {isa = PBXFileReference; fileEncoding = 4; lastKnownFileType = sourcecode.c.h; path = "SDWebImageManager+MJ.h"; sourceTree = "<group>"; };
		B3135AF61C734CA7000FF8BF /* SDWebImageManager+MJ.m */ = {isa = PBXFileReference; fileEncoding = 4; lastKnownFileType = sourcecode.c.objc; path = "SDWebImageManager+MJ.m"; sourceTree = "<group>"; };
		B3135AFF1C7350EB000FF8BF /* TTPhotoView.h */ = {isa = PBXFileReference; fileEncoding = 4; lastKnownFileType = sourcecode.c.h; path = TTPhotoView.h; sourceTree = "<group>"; };
		B3135B001C7350EB000FF8BF /* TTPhotoView.m */ = {isa = PBXFileReference; fileEncoding = 4; lastKnownFileType = sourcecode.c.objc; path = TTPhotoView.m; sourceTree = "<group>"; };
		B3135B091C735957000FF8BF /* TTComposeViewController.h */ = {isa = PBXFileReference; fileEncoding = 4; lastKnownFileType = sourcecode.c.h; path = TTComposeViewController.h; sourceTree = "<group>"; };
		B3135B0A1C735957000FF8BF /* TTComposeViewController.m */ = {isa = PBXFileReference; fileEncoding = 4; lastKnownFileType = sourcecode.c.objc; path = TTComposeViewController.m; sourceTree = "<group>"; };
		B3135B0C1C74AA49000FF8BF /* TTTextView.h */ = {isa = PBXFileReference; fileEncoding = 4; lastKnownFileType = sourcecode.c.h; path = TTTextView.h; sourceTree = "<group>"; };
		B3135B0D1C74AA49000FF8BF /* TTTextView.m */ = {isa = PBXFileReference; fileEncoding = 4; lastKnownFileType = sourcecode.c.objc; path = TTTextView.m; sourceTree = "<group>"; };
		B3135B0F1C755C00000FF8BF /* TTComposeToolBar.h */ = {isa = PBXFileReference; fileEncoding = 4; lastKnownFileType = sourcecode.c.h; path = TTComposeToolBar.h; sourceTree = "<group>"; };
		B3135B101C755C00000FF8BF /* TTComposeToolBar.m */ = {isa = PBXFileReference; fileEncoding = 4; lastKnownFileType = sourcecode.c.objc; path = TTComposeToolBar.m; sourceTree = "<group>"; };
		B3135B121C756AF4000FF8BF /* TTComposePhotosView.h */ = {isa = PBXFileReference; fileEncoding = 4; lastKnownFileType = sourcecode.c.h; path = TTComposePhotosView.h; sourceTree = "<group>"; };
		B3135B131C756AF4000FF8BF /* TTComposePhotosView.m */ = {isa = PBXFileReference; fileEncoding = 4; lastKnownFileType = sourcecode.c.objc; path = TTComposePhotosView.m; sourceTree = "<group>"; };
		B3135B171C75774A000FF8BF /* TTComposeParam.h */ = {isa = PBXFileReference; fileEncoding = 4; lastKnownFileType = sourcecode.c.h; path = TTComposeParam.h; sourceTree = "<group>"; };
		B3135B181C75774A000FF8BF /* TTComposeParam.m */ = {isa = PBXFileReference; fileEncoding = 4; lastKnownFileType = sourcecode.c.objc; path = TTComposeParam.m; sourceTree = "<group>"; };
		B3135B1A1C757776000FF8BF /* TTComposeTool.h */ = {isa = PBXFileReference; fileEncoding = 4; lastKnownFileType = sourcecode.c.h; path = TTComposeTool.h; sourceTree = "<group>"; };
		B3135B1B1C757776000FF8BF /* TTComposeTool.m */ = {isa = PBXFileReference; fileEncoding = 4; lastKnownFileType = sourcecode.c.objc; path = TTComposeTool.m; sourceTree = "<group>"; };
		B314860F1C5CA7F200D43094 /* weibo.app */ = {isa = PBXFileReference; explicitFileType = wrapper.application; includeInIndex = 0; path = weibo.app; sourceTree = BUILT_PRODUCTS_DIR; };
		B314861E1C5CA7F200D43094 /* Assets.xcassets */ = {isa = PBXFileReference; lastKnownFileType = folder.assetcatalog; path = Assets.xcassets; sourceTree = "<group>"; };
		B31486211C5CA7F200D43094 /* Base */ = {isa = PBXFileReference; lastKnownFileType = file.storyboard; name = Base; path = Base.lproj/LaunchScreen.storyboard; sourceTree = "<group>"; };
		B31486231C5CA7F200D43094 /* Info.plist */ = {isa = PBXFileReference; lastKnownFileType = text.plist.xml; path = Info.plist; sourceTree = "<group>"; };
		B31486281C5CA7F200D43094 /* weiboTests.xctest */ = {isa = PBXFileReference; explicitFileType = wrapper.cfbundle; includeInIndex = 0; path = weiboTests.xctest; sourceTree = BUILT_PRODUCTS_DIR; };
		B314862C1C5CA7F200D43094 /* weiboTests.m */ = {isa = PBXFileReference; lastKnownFileType = sourcecode.c.objc; path = weiboTests.m; sourceTree = "<group>"; };
		B314862E1C5CA7F200D43094 /* Info.plist */ = {isa = PBXFileReference; lastKnownFileType = text.plist.xml; path = Info.plist; sourceTree = "<group>"; };
		B31486331C5CA7F200D43094 /* weiboUITests.xctest */ = {isa = PBXFileReference; explicitFileType = wrapper.cfbundle; includeInIndex = 0; path = weiboUITests.xctest; sourceTree = BUILT_PRODUCTS_DIR; };
		B31486371C5CA7F200D43094 /* weiboUITests.m */ = {isa = PBXFileReference; lastKnownFileType = sourcecode.c.objc; path = weiboUITests.m; sourceTree = "<group>"; };
		B31486391C5CA7F200D43094 /* Info.plist */ = {isa = PBXFileReference; lastKnownFileType = text.plist.xml; path = Info.plist; sourceTree = "<group>"; };
		B3766E801C65A1CB006790BC /* TTNewFeatureController.h */ = {isa = PBXFileReference; fileEncoding = 4; lastKnownFileType = sourcecode.c.h; path = TTNewFeatureController.h; sourceTree = "<group>"; };
		B3766E811C65A1CB006790BC /* TTNewFeatureController.m */ = {isa = PBXFileReference; fileEncoding = 4; lastKnownFileType = sourcecode.c.objc; path = TTNewFeatureController.m; sourceTree = "<group>"; };
		B3766E831C65C3C8006790BC /* TTNewFeatureCell.h */ = {isa = PBXFileReference; fileEncoding = 4; lastKnownFileType = sourcecode.c.h; path = TTNewFeatureCell.h; sourceTree = "<group>"; };
		B3766E841C65C3C8006790BC /* TTNewFeatureCell.m */ = {isa = PBXFileReference; fileEncoding = 4; lastKnownFileType = sourcecode.c.objc; path = TTNewFeatureCell.m; sourceTree = "<group>"; };
		B3766E8A1C66E509006790BC /* TTOAuthViewController.h */ = {isa = PBXFileReference; fileEncoding = 4; lastKnownFileType = sourcecode.c.h; path = TTOAuthViewController.h; sourceTree = "<group>"; };
		B3766E8B1C66E509006790BC /* TTOAuthViewController.m */ = {isa = PBXFileReference; fileEncoding = 4; lastKnownFileType = sourcecode.c.objc; path = TTOAuthViewController.m; sourceTree = "<group>"; };
		B3766E961C695A32006790BC /* TTAccount.h */ = {isa = PBXFileReference; fileEncoding = 4; lastKnownFileType = sourcecode.c.h; path = TTAccount.h; sourceTree = "<group>"; };
		B3766E971C695A32006790BC /* TTAccount.m */ = {isa = PBXFileReference; fileEncoding = 4; lastKnownFileType = sourcecode.c.objc; path = TTAccount.m; sourceTree = "<group>"; };
		B3766E9B1C696035006790BC /* TTAccountTool.h */ = {isa = PBXFileReference; fileEncoding = 4; lastKnownFileType = sourcecode.c.h; path = TTAccountTool.h; sourceTree = "<group>"; };
		B3766E9C1C696035006790BC /* TTAccountTool.m */ = {isa = PBXFileReference; fileEncoding = 4; lastKnownFileType = sourcecode.c.objc; path = TTAccountTool.m; sourceTree = "<group>"; };
		B3766ECF1C698F02006790BC /* MBProgressHUD+MJ.h */ = {isa = PBXFileReference; fileEncoding = 4; lastKnownFileType = sourcecode.c.h; path = "MBProgressHUD+MJ.h"; sourceTree = "<group>"; };
		B3766ED01C698F02006790BC /* MBProgressHUD+MJ.m */ = {isa = PBXFileReference; fileEncoding = 4; lastKnownFileType = sourcecode.c.objc; path = "MBProgressHUD+MJ.m"; sourceTree = "<group>"; };
		B3766ED11C698F02006790BC /* MBProgressHUD.bundle */ = {isa = PBXFileReference; lastKnownFileType = "wrapper.plug-in"; path = MBProgressHUD.bundle; sourceTree = "<group>"; };
		B3766ED21C698F02006790BC /* MBProgressHUD.h */ = {isa = PBXFileReference; fileEncoding = 4; lastKnownFileType = sourcecode.c.h; path = MBProgressHUD.h; sourceTree = "<group>"; };
		B3766ED31C698F02006790BC /* MBProgressHUD.m */ = {isa = PBXFileReference; fileEncoding = 4; lastKnownFileType = sourcecode.c.objc; path = MBProgressHUD.m; sourceTree = "<group>"; };
		B3766ED81C69A8F2006790BC /* TTRootTool.h */ = {isa = PBXFileReference; fileEncoding = 4; lastKnownFileType = sourcecode.c.h; path = TTRootTool.h; sourceTree = "<group>"; };
		B3766ED91C69A8F2006790BC /* TTRootTool.m */ = {isa = PBXFileReference; fileEncoding = 4; lastKnownFileType = sourcecode.c.objc; path = TTRootTool.m; sourceTree = "<group>"; };
		B3766EDB1C69D358006790BC /* TTStatus.h */ = {isa = PBXFileReference; fileEncoding = 4; lastKnownFileType = sourcecode.c.h; path = TTStatus.h; sourceTree = "<group>"; };
		B3766EDC1C69D358006790BC /* TTStatus.m */ = {isa = PBXFileReference; fileEncoding = 4; lastKnownFileType = sourcecode.c.objc; path = TTStatus.m; sourceTree = "<group>"; };
		B3766EDE1C69D64C006790BC /* TTUser.h */ = {isa = PBXFileReference; fileEncoding = 4; lastKnownFileType = sourcecode.c.h; path = TTUser.h; sourceTree = "<group>"; };
		B3766EDF1C69D64C006790BC /* TTUser.m */ = {isa = PBXFileReference; fileEncoding = 4; lastKnownFileType = sourcecode.c.objc; path = TTUser.m; sourceTree = "<group>"; };
		B3766EE11C69D70D006790BC /* TTPhoto.h */ = {isa = PBXFileReference; fileEncoding = 4; lastKnownFileType = sourcecode.c.h; path = TTPhoto.h; sourceTree = "<group>"; };
		B3766EE21C69D70D006790BC /* TTPhoto.m */ = {isa = PBXFileReference; fileEncoding = 4; lastKnownFileType = sourcecode.c.objc; path = TTPhoto.m; sourceTree = "<group>"; };
		B3766EE51C69EE42006790BC /* MJRefresh.bundle */ = {isa = PBXFileReference; lastKnownFileType = "wrapper.plug-in"; path = MJRefresh.bundle; sourceTree = "<group>"; };
		B3766EE61C69EE42006790BC /* MJRefresh.h */ = {isa = PBXFileReference; fileEncoding = 4; lastKnownFileType = sourcecode.c.h; path = MJRefresh.h; sourceTree = "<group>"; };
		B3766EE71C69EE42006790BC /* MJRefreshBaseView.h */ = {isa = PBXFileReference; fileEncoding = 4; lastKnownFileType = sourcecode.c.h; path = MJRefreshBaseView.h; sourceTree = "<group>"; };
		B3766EE81C69EE42006790BC /* MJRefreshBaseView.m */ = {isa = PBXFileReference; fileEncoding = 4; lastKnownFileType = sourcecode.c.objc; path = MJRefreshBaseView.m; sourceTree = "<group>"; };
		B3766EE91C69EE42006790BC /* MJRefreshConst.h */ = {isa = PBXFileReference; fileEncoding = 4; lastKnownFileType = sourcecode.c.h; path = MJRefreshConst.h; sourceTree = "<group>"; };
		B3766EEA1C69EE42006790BC /* MJRefreshConst.m */ = {isa = PBXFileReference; fileEncoding = 4; lastKnownFileType = sourcecode.c.objc; path = MJRefreshConst.m; sourceTree = "<group>"; };
		B3766EEB1C69EE42006790BC /* MJRefreshFooterView.h */ = {isa = PBXFileReference; fileEncoding = 4; lastKnownFileType = sourcecode.c.h; path = MJRefreshFooterView.h; sourceTree = "<group>"; };
		B3766EEC1C69EE42006790BC /* MJRefreshFooterView.m */ = {isa = PBXFileReference; fileEncoding = 4; lastKnownFileType = sourcecode.c.objc; path = MJRefreshFooterView.m; sourceTree = "<group>"; };
		B3766EED1C69EE42006790BC /* MJRefreshHeaderView.h */ = {isa = PBXFileReference; fileEncoding = 4; lastKnownFileType = sourcecode.c.h; path = MJRefreshHeaderView.h; sourceTree = "<group>"; };
		B3766EEE1C69EE42006790BC /* MJRefreshHeaderView.m */ = {isa = PBXFileReference; fileEncoding = 4; lastKnownFileType = sourcecode.c.objc; path = MJRefreshHeaderView.m; sourceTree = "<group>"; };
		B3766EEF1C69EE42006790BC /* UIScrollView+MJExtension.h */ = {isa = PBXFileReference; fileEncoding = 4; lastKnownFileType = sourcecode.c.h; path = "UIScrollView+MJExtension.h"; sourceTree = "<group>"; };
		B3766EF01C69EE42006790BC /* UIScrollView+MJExtension.m */ = {isa = PBXFileReference; fileEncoding = 4; lastKnownFileType = sourcecode.c.objc; path = "UIScrollView+MJExtension.m"; sourceTree = "<group>"; };
		B3766EF11C69EE42006790BC /* UIScrollView+MJRefresh.h */ = {isa = PBXFileReference; fileEncoding = 4; lastKnownFileType = sourcecode.c.h; path = "UIScrollView+MJRefresh.h"; sourceTree = "<group>"; };
		B3766EF21C69EE42006790BC /* UIScrollView+MJRefresh.m */ = {isa = PBXFileReference; fileEncoding = 4; lastKnownFileType = sourcecode.c.objc; path = "UIScrollView+MJRefresh.m"; sourceTree = "<group>"; };
		B3766EF31C69EE42006790BC /* UIView+MJExtension.h */ = {isa = PBXFileReference; fileEncoding = 4; lastKnownFileType = sourcecode.c.h; path = "UIView+MJExtension.h"; sourceTree = "<group>"; };
		B3766EF41C69EE42006790BC /* UIView+MJExtension.m */ = {isa = PBXFileReference; fileEncoding = 4; lastKnownFileType = sourcecode.c.objc; path = "UIView+MJExtension.m"; sourceTree = "<group>"; };
		B3766EFE1C69FF12006790BC /* MJConst.h */ = {isa = PBXFileReference; fileEncoding = 4; lastKnownFileType = sourcecode.c.h; path = MJConst.h; sourceTree = "<group>"; };
		B3766EFF1C69FF12006790BC /* MJConst.m */ = {isa = PBXFileReference; fileEncoding = 4; lastKnownFileType = sourcecode.c.objc; path = MJConst.m; sourceTree = "<group>"; };
		B3766F001C69FF12006790BC /* MJExtension.h */ = {isa = PBXFileReference; fileEncoding = 4; lastKnownFileType = sourcecode.c.h; path = MJExtension.h; sourceTree = "<group>"; };
		B3766F011C69FF12006790BC /* MJFoundation.h */ = {isa = PBXFileReference; fileEncoding = 4; lastKnownFileType = sourcecode.c.h; path = MJFoundation.h; sourceTree = "<group>"; };
		B3766F021C69FF12006790BC /* MJFoundation.m */ = {isa = PBXFileReference; fileEncoding = 4; lastKnownFileType = sourcecode.c.objc; path = MJFoundation.m; sourceTree = "<group>"; };
		B3766F031C69FF12006790BC /* MJIvar.h */ = {isa = PBXFileReference; fileEncoding = 4; lastKnownFileType = sourcecode.c.h; path = MJIvar.h; sourceTree = "<group>"; };
		B3766F041C69FF12006790BC /* MJIvar.m */ = {isa = PBXFileReference; fileEncoding = 4; lastKnownFileType = sourcecode.c.objc; path = MJIvar.m; sourceTree = "<group>"; };
		B3766F051C69FF12006790BC /* MJType.h */ = {isa = PBXFileReference; fileEncoding = 4; lastKnownFileType = sourcecode.c.h; path = MJType.h; sourceTree = "<group>"; };
		B3766F061C69FF12006790BC /* MJType.m */ = {isa = PBXFileReference; fileEncoding = 4; lastKnownFileType = sourcecode.c.objc; path = MJType.m; sourceTree = "<group>"; };
		B3766F071C69FF12006790BC /* NSObject+MJCoding.h */ = {isa = PBXFileReference; fileEncoding = 4; lastKnownFileType = sourcecode.c.h; path = "NSObject+MJCoding.h"; sourceTree = "<group>"; };
		B3766F081C69FF12006790BC /* NSObject+MJCoding.m */ = {isa = PBXFileReference; fileEncoding = 4; lastKnownFileType = sourcecode.c.objc; path = "NSObject+MJCoding.m"; sourceTree = "<group>"; };
		B3766F091C69FF12006790BC /* NSObject+MJIvar.h */ = {isa = PBXFileReference; fileEncoding = 4; lastKnownFileType = sourcecode.c.h; path = "NSObject+MJIvar.h"; sourceTree = "<group>"; };
		B3766F0A1C69FF12006790BC /* NSObject+MJIvar.m */ = {isa = PBXFileReference; fileEncoding = 4; lastKnownFileType = sourcecode.c.objc; path = "NSObject+MJIvar.m"; sourceTree = "<group>"; };
		B3766F0B1C69FF12006790BC /* NSObject+MJKeyValue.h */ = {isa = PBXFileReference; fileEncoding = 4; lastKnownFileType = sourcecode.c.h; path = "NSObject+MJKeyValue.h"; sourceTree = "<group>"; };
		B3766F0C1C69FF12006790BC /* NSObject+MJKeyValue.m */ = {isa = PBXFileReference; fileEncoding = 4; lastKnownFileType = sourcecode.c.objc; path = "NSObject+MJKeyValue.m"; sourceTree = "<group>"; };
		B3BB055B1C6AE54300B605E1 /* TTHttpTool.h */ = {isa = PBXFileReference; fileEncoding = 4; lastKnownFileType = sourcecode.c.h; path = TTHttpTool.h; sourceTree = "<group>"; };
		B3BB055C1C6AE54300B605E1 /* TTHttpTool.m */ = {isa = PBXFileReference; fileEncoding = 4; lastKnownFileType = sourcecode.c.objc; path = TTHttpTool.m; sourceTree = "<group>"; };
		B3BB05A11C6C330200B605E1 /* TTStatusTool.h */ = {isa = PBXFileReference; fileEncoding = 4; lastKnownFileType = sourcecode.c.h; path = TTStatusTool.h; sourceTree = "<group>"; };
		B3BB05A21C6C330200B605E1 /* TTStatusTool.m */ = {isa = PBXFileReference; fileEncoding = 4; lastKnownFileType = sourcecode.c.objc; path = TTStatusTool.m; sourceTree = "<group>"; };
		B3BB05A61C6C556000B605E1 /* TTStatusParam.h */ = {isa = PBXFileReference; fileEncoding = 4; lastKnownFileType = sourcecode.c.h; path = TTStatusParam.h; sourceTree = "<group>"; };
		B3BB05A71C6C556000B605E1 /* TTStatusParam.m */ = {isa = PBXFileReference; fileEncoding = 4; lastKnownFileType = sourcecode.c.objc; path = TTStatusParam.m; sourceTree = "<group>"; };
		B3BB05A91C6C57BC00B605E1 /* TTStatusResult.h */ = {isa = PBXFileReference; fileEncoding = 4; lastKnownFileType = sourcecode.c.h; path = TTStatusResult.h; sourceTree = "<group>"; };
		B3BB05AA1C6C57BC00B605E1 /* TTStatusResult.m */ = {isa = PBXFileReference; fileEncoding = 4; lastKnownFileType = sourcecode.c.objc; path = TTStatusResult.m; sourceTree = "<group>"; };
		B3BB05AD1C6C624200B605E1 /* TTAccountParam.h */ = {isa = PBXFileReference; fileEncoding = 4; lastKnownFileType = sourcecode.c.h; path = TTAccountParam.h; sourceTree = "<group>"; };
		B3BB05AE1C6C624200B605E1 /* TTAccountParam.m */ = {isa = PBXFileReference; fileEncoding = 4; lastKnownFileType = sourcecode.c.objc; path = TTAccountParam.m; sourceTree = "<group>"; };
		B3BB05B31C6C67ED00B605E1 /* TTUserParam.h */ = {isa = PBXFileReference; fileEncoding = 4; lastKnownFileType = sourcecode.c.h; path = TTUserParam.h; sourceTree = "<group>"; };
		B3BB05B41C6C67ED00B605E1 /* TTUserParam.m */ = {isa = PBXFileReference; fileEncoding = 4; lastKnownFileType = sourcecode.c.objc; path = TTUserParam.m; sourceTree = "<group>"; };
		B3BB05B71C6C688000B605E1 /* TTBaseParam.h */ = {isa = PBXFileReference; fileEncoding = 4; lastKnownFileType = sourcecode.c.h; path = TTBaseParam.h; sourceTree = "<group>"; };
		B3BB05B81C6C688000B605E1 /* TTBaseParam.m */ = {isa = PBXFileReference; fileEncoding = 4; lastKnownFileType = sourcecode.c.objc; path = TTBaseParam.m; sourceTree = "<group>"; };
		B3BB05BA1C6C69F800B605E1 /* TTUserResult.h */ = {isa = PBXFileReference; fileEncoding = 4; lastKnownFileType = sourcecode.c.h; path = TTUserResult.h; sourceTree = "<group>"; };
		B3BB05BB1C6C69F800B605E1 /* TTUserResult.m */ = {isa = PBXFileReference; fileEncoding = 4; lastKnownFileType = sourcecode.c.objc; path = TTUserResult.m; sourceTree = "<group>"; };
		B3BB05BD1C6C6BC000B605E1 /* TTUserTool.h */ = {isa = PBXFileReference; fileEncoding = 4; lastKnownFileType = sourcecode.c.h; path = TTUserTool.h; sourceTree = "<group>"; };
		B3BB05BE1C6C6BC000B605E1 /* TTUserTool.m */ = {isa = PBXFileReference; fileEncoding = 4; lastKnownFileType = sourcecode.c.objc; path = TTUserTool.m; sourceTree = "<group>"; };
		B3BB05C01C6C798900B605E1 /* AVFoundation.framework */ = {isa = PBXFileReference; lastKnownFileType = wrapper.framework; name = AVFoundation.framework; path = System/Library/Frameworks/AVFoundation.framework; sourceTree = SDKROOT; };
		B3BB05C31C6C7A0E00B605E1 /* silence.mp3 */ = {isa = PBXFileReference; lastKnownFileType = audio.mp3; path = silence.mp3; sourceTree = "<group>"; };
		B3BB05C41C6C7A0E00B605E1 /* 爸比我要喝奶奶.mp3 */ = {isa = PBXFileReference; lastKnownFileType = audio.mp3; path = "爸比我要喝奶奶.mp3"; sourceTree = "<group>"; };
		B3C812FA1C5DB946002A37C5 /* UIKit.framework */ = {isa = PBXFileReference; lastKnownFileType = wrapper.framework; name = UIKit.framework; path = System/Library/Frameworks/UIKit.framework; sourceTree = SDKROOT; };
		B3C8130A1C5E041F002A37C5 /* TTTabBarController.h */ = {isa = PBXFileReference; fileEncoding = 4; lastKnownFileType = sourcecode.c.h; path = TTTabBarController.h; sourceTree = "<group>"; };
		B3C8130B1C5E041F002A37C5 /* TTTabBarController.m */ = {isa = PBXFileReference; fileEncoding = 4; lastKnownFileType = sourcecode.c.objc; path = TTTabBarController.m; sourceTree = "<group>"; };
		B3C8130E1C5E041F002A37C5 /* TTTabBar.h */ = {isa = PBXFileReference; fileEncoding = 4; lastKnownFileType = sourcecode.c.h; path = TTTabBar.h; sourceTree = "<group>"; };
		B3C8130F1C5E041F002A37C5 /* TTTabBar.m */ = {isa = PBXFileReference; fileEncoding = 4; lastKnownFileType = sourcecode.c.objc; path = TTTabBar.m; sourceTree = "<group>"; };
		B3C813151C5E041F002A37C5 /* AppDelegate.h */ = {isa = PBXFileReference; fileEncoding = 4; lastKnownFileType = sourcecode.c.h; path = AppDelegate.h; sourceTree = "<group>"; };
		B3C813161C5E041F002A37C5 /* AppDelegate.m */ = {isa = PBXFileReference; fileEncoding = 4; lastKnownFileType = sourcecode.c.objc; path = AppDelegate.m; sourceTree = "<group>"; };
		B3C813181C5E041F002A37C5 /* UIImage+Image.h */ = {isa = PBXFileReference; fileEncoding = 4; lastKnownFileType = sourcecode.c.h; path = "UIImage+Image.h"; sourceTree = "<group>"; };
		B3C813191C5E041F002A37C5 /* UIImage+Image.m */ = {isa = PBXFileReference; fileEncoding = 4; lastKnownFileType = sourcecode.c.objc; path = "UIImage+Image.m"; sourceTree = "<group>"; };
		B3C8131A1C5E041F002A37C5 /* main.m */ = {isa = PBXFileReference; fileEncoding = 4; lastKnownFileType = sourcecode.c.objc; path = main.m; sourceTree = "<group>"; };
		B3C813241C5E0F9D002A37C5 /* TTDiscoverViewController.h */ = {isa = PBXFileReference; fileEncoding = 4; lastKnownFileType = sourcecode.c.h; path = TTDiscoverViewController.h; sourceTree = "<group>"; };
		B3C813251C5E0F9D002A37C5 /* TTDiscoverViewController.m */ = {isa = PBXFileReference; fileEncoding = 4; lastKnownFileType = sourcecode.c.objc; path = TTDiscoverViewController.m; sourceTree = "<group>"; };
		B3C813271C5E1060002A37C5 /* weibo.pch */ = {isa = PBXFileReference; lastKnownFileType = sourcecode.c.h; path = weibo.pch; sourceTree = "<group>"; };
		B3C813281C5E1129002A37C5 /* UIView+Frame.h */ = {isa = PBXFileReference; fileEncoding = 4; lastKnownFileType = sourcecode.c.h; path = "UIView+Frame.h"; sourceTree = "<group>"; };
		B3C813291C5E1129002A37C5 /* UIView+Frame.m */ = {isa = PBXFileReference; fileEncoding = 4; lastKnownFileType = sourcecode.c.objc; path = "UIView+Frame.m"; sourceTree = "<group>"; };
		B3C8132B1C5E11FD002A37C5 /* TTSearchBar.h */ = {isa = PBXFileReference; fileEncoding = 4; lastKnownFileType = sourcecode.c.h; path = TTSearchBar.h; sourceTree = "<group>"; };
		B3C8132C1C5E11FD002A37C5 /* TTSearchBar.m */ = {isa = PBXFileReference; fileEncoding = 4; lastKnownFileType = sourcecode.c.objc; path = TTSearchBar.m; sourceTree = "<group>"; };
		B3C8132E1C5EF390002A37C5 /* UIBarButtonItem+Item.h */ = {isa = PBXFileReference; fileEncoding = 4; lastKnownFileType = sourcecode.c.h; path = "UIBarButtonItem+Item.h"; sourceTree = "<group>"; };
		B3C8132F1C5EF390002A37C5 /* UIBarButtonItem+Item.m */ = {isa = PBXFileReference; fileEncoding = 4; lastKnownFileType = sourcecode.c.objc; path = "UIBarButtonItem+Item.m"; sourceTree = "<group>"; };
		B3C813311C5EF974002A37C5 /* TTNavigationController.h */ = {isa = PBXFileReference; fileEncoding = 4; lastKnownFileType = sourcecode.c.h; path = TTNavigationController.h; sourceTree = "<group>"; };
		B3C813321C5EF974002A37C5 /* TTNavigationController.m */ = {isa = PBXFileReference; fileEncoding = 4; lastKnownFileType = sourcecode.c.objc; path = TTNavigationController.m; sourceTree = "<group>"; };
		B3C813341C5EFC68002A37C5 /* TTTitleButton.h */ = {isa = PBXFileReference; fileEncoding = 4; lastKnownFileType = sourcecode.c.h; path = TTTitleButton.h; sourceTree = "<group>"; };
		B3C813351C5EFC68002A37C5 /* TTTitleButton.m */ = {isa = PBXFileReference; fileEncoding = 4; lastKnownFileType = sourcecode.c.objc; path = TTTitleButton.m; sourceTree = "<group>"; };
		B3C813371C5F014F002A37C5 /* TTPopMenu.h */ = {isa = PBXFileReference; fileEncoding = 4; lastKnownFileType = sourcecode.c.h; path = TTPopMenu.h; sourceTree = "<group>"; };
		B3C813381C5F014F002A37C5 /* TTPopMenu.m */ = {isa = PBXFileReference; fileEncoding = 4; lastKnownFileType = sourcecode.c.objc; path = TTPopMenu.m; sourceTree = "<group>"; };
		B3C8133A1C5F0498002A37C5 /* TTCover.h */ = {isa = PBXFileReference; fileEncoding = 4; lastKnownFileType = sourcecode.c.h; path = TTCover.h; sourceTree = "<group>"; };
		B3C8133B1C5F0498002A37C5 /* TTCover.m */ = {isa = PBXFileReference; fileEncoding = 4; lastKnownFileType = sourcecode.c.objc; path = TTCover.m; sourceTree = "<group>"; };
		B3C8133D1C5F07A6002A37C5 /* TTHomeViewController.h */ = {isa = PBXFileReference; fileEncoding = 4; lastKnownFileType = sourcecode.c.h; path = TTHomeViewController.h; sourceTree = "<group>"; };
		B3C8133E1C5F07A6002A37C5 /* TTHomeViewController.m */ = {isa = PBXFileReference; fileEncoding = 4; lastKnownFileType = sourcecode.c.objc; path = TTHomeViewController.m; sourceTree = "<group>"; };
		B3C813401C5F228C002A37C5 /* TTOneViewController.h */ = {isa = PBXFileReference; fileEncoding = 4; lastKnownFileType = sourcecode.c.h; path = TTOneViewController.h; sourceTree = "<group>"; };
		B3C813411C5F228C002A37C5 /* TTOneViewController.m */ = {isa = PBXFileReference; fileEncoding = 4; lastKnownFileType = sourcecode.c.objc; path = TTOneViewController.m; sourceTree = "<group>"; };
		B3C813431C5F2482002A37C5 /* TTMessageViewController.h */ = {isa = PBXFileReference; fileEncoding = 4; lastKnownFileType = sourcecode.c.h; path = TTMessageViewController.h; sourceTree = "<group>"; };
		B3C813441C5F2482002A37C5 /* TTMessageViewController.m */ = {isa = PBXFileReference; fileEncoding = 4; lastKnownFileType = sourcecode.c.objc; path = TTMessageViewController.m; sourceTree = "<group>"; };
		B3C813461C5F25A0002A37C5 /* TTProfileViewController.h */ = {isa = PBXFileReference; fileEncoding = 4; lastKnownFileType = sourcecode.c.h; path = TTProfileViewController.h; sourceTree = "<group>"; };
		B3C813471C5F25A0002A37C5 /* TTProfileViewController.m */ = {isa = PBXFileReference; fileEncoding = 4; lastKnownFileType = sourcecode.c.objc; path = TTProfileViewController.m; sourceTree = "<group>"; };
		B3C813491C5F2804002A37C5 /* TTTabBarButton.h */ = {isa = PBXFileReference; fileEncoding = 4; lastKnownFileType = sourcecode.c.h; path = TTTabBarButton.h; sourceTree = "<group>"; };
		B3C8134A1C5F2804002A37C5 /* TTTabBarButton.m */ = {isa = PBXFileReference; fileEncoding = 4; lastKnownFileType = sourcecode.c.objc; path = TTTabBarButton.m; sourceTree = "<group>"; };
		B3C8134C1C5F2859002A37C5 /* TTBadgeView.h */ = {isa = PBXFileReference; fileEncoding = 4; lastKnownFileType = sourcecode.c.h; path = TTBadgeView.h; sourceTree = "<group>"; };
		B3C8134D1C5F2859002A37C5 /* TTBadgeView.m */ = {isa = PBXFileReference; fileEncoding = 4; lastKnownFileType = sourcecode.c.objc; path = TTBadgeView.m; sourceTree = "<group>"; };
		B3D3651F1C7599FE003BB1EB /* TTUploadParam.h */ = {isa = PBXFileReference; fileEncoding = 4; lastKnownFileType = sourcecode.c.h; path = TTUploadParam.h; sourceTree = "<group>"; };
		B3D365201C7599FE003BB1EB /* TTUploadParam.m */ = {isa = PBXFileReference; fileEncoding = 4; lastKnownFileType = sourcecode.c.objc; path = TTUploadParam.m; sourceTree = "<group>"; };
/* End PBXFileReference section */

/* Begin PBXFrameworksBuildPhase section */
		B314860C1C5CA7F200D43094 /* Frameworks */ = {
			isa = PBXFrameworksBuildPhase;
			buildActionMask = 2147483647;
			files = (
				B3BB05C11C6C798900B605E1 /* AVFoundation.framework in Frameworks */,
				B3C812FB1C5DB946002A37C5 /* UIKit.framework in Frameworks */,
				87F4B6B56170C7D70CD1839E /* libPods-weibo.a in Frameworks */,
			);
			runOnlyForDeploymentPostprocessing = 0;
		};
		B31486251C5CA7F200D43094 /* Frameworks */ = {
			isa = PBXFrameworksBuildPhase;
			buildActionMask = 2147483647;
			files = (
			);
			runOnlyForDeploymentPostprocessing = 0;
		};
		B31486301C5CA7F200D43094 /* Frameworks */ = {
			isa = PBXFrameworksBuildPhase;
			buildActionMask = 2147483647;
			files = (
			);
			runOnlyForDeploymentPostprocessing = 0;
		};
/* End PBXFrameworksBuildPhase section */

/* Begin PBXGroup section */
		0BEB660DF2CABE2C542CC321 /* Pods */ = {
			isa = PBXGroup;
			children = (
				9F45FA89B5DE4974F9148990 /* Pods-weibo.debug.xcconfig */,
				A5F4AC93093C7A70AADB6CFA /* Pods-weibo.release.xcconfig */,
			);
			name = Pods;
			sourceTree = "<group>";
		};
		9F00053DB5DA1AB77A6C5BED /* Frameworks */ = {
			isa = PBXGroup;
			children = (
				B3BB05C01C6C798900B605E1 /* AVFoundation.framework */,
				6DF37F41ED74AFD42309290D /* libPods-weibo.a */,
			);
			name = Frameworks;
			sourceTree = "<group>";
		};
		B30EBFDA1C6DCC8F00AFD00A /* Cell */ = {
			isa = PBXGroup;
			children = (
				B30EBFDB1C6DCCAB00AFD00A /* TTStatusCell.h */,
				B30EBFDC1C6DCCAB00AFD00A /* TTStatusCell.m */,
				B30EBFDE1C6DCD8000AFD00A /* TTOriginalView.h */,
				B30EBFDF1C6DCD8000AFD00A /* TTOriginalView.m */,
				B30EBFE11C6DCEE400AFD00A /* TTRetweetView.h */,
				B30EBFE21C6DCEE400AFD00A /* TTRetweetView.m */,
				B30EBFE41C6DCF1900AFD00A /* TTStatusToolBar.h */,
				B30EBFE51C6DCF1900AFD00A /* TTStatusToolBar.m */,
				B30959EE1C72C224009C2384 /* TTPhotosView.h */,
				B30959EF1C72C224009C2384 /* TTPhotosView.m */,
				B3135AFF1C7350EB000FF8BF /* TTPhotoView.h */,
				B3135B001C7350EB000FF8BF /* TTPhotoView.m */,
			);
			path = Cell;
			sourceTree = "<group>";
		};
		B30EBFE71C6DE16F00AFD00A /* ViewModel */ = {
			isa = PBXGroup;
			children = (
				B30EBFE81C6DE19F00AFD00A /* TTStatusFrame.h */,
				B30EBFE91C6DE19F00AFD00A /* TTStatusFrame.m */,
			);
			path = ViewModel;
			sourceTree = "<group>";
		};
		B3135AE71C734CA7000FF8BF /* MJPhotoBrowser */ = {
			isa = PBXGroup;
			children = (
				B3135AE81C734CA7000FF8BF /* MJPhoto.h */,
				B3135AE91C734CA7000FF8BF /* MJPhoto.m */,
				B3135AEA1C734CA7000FF8BF /* MJPhotoBrowser.bundle */,
				B3135AEB1C734CA7000FF8BF /* MJPhotoBrowser.h */,
				B3135AEC1C734CA7000FF8BF /* MJPhotoBrowser.m */,
				B3135AED1C734CA7000FF8BF /* MJPhotoLoadingView.h */,
				B3135AEE1C734CA7000FF8BF /* MJPhotoLoadingView.m */,
				B3135AEF1C734CA7000FF8BF /* MJPhotoProgressView.h */,
				B3135AF01C734CA7000FF8BF /* MJPhotoProgressView.m */,
				B3135AF11C734CA7000FF8BF /* MJPhotoToolbar.h */,
				B3135AF21C734CA7000FF8BF /* MJPhotoToolbar.m */,
				B3135AF31C734CA7000FF8BF /* MJPhotoView.h */,
				B3135AF41C734CA7000FF8BF /* MJPhotoView.m */,
				B3135AF51C734CA7000FF8BF /* SDWebImageManager+MJ.h */,
				B3135AF61C734CA7000FF8BF /* SDWebImageManager+MJ.m */,
			);
			path = MJPhotoBrowser;
			sourceTree = "<group>";
		};
		B3135B021C73590C000FF8BF /* Compose */ = {
			isa = PBXGroup;
			children = (
				B3135B031C73590C000FF8BF /* Controller */,
				B3135B041C73590C000FF8BF /* Model */,
				B3135B051C73590C000FF8BF /* View */,
			);
			path = Compose;
			sourceTree = "<group>";
		};
		B3135B031C73590C000FF8BF /* Controller */ = {
			isa = PBXGroup;
			children = (
				B3135B091C735957000FF8BF /* TTComposeViewController.h */,
				B3135B0A1C735957000FF8BF /* TTComposeViewController.m */,
			);
			path = Controller;
			sourceTree = "<group>";
		};
		B3135B041C73590C000FF8BF /* Model */ = {
			isa = PBXGroup;
			children = (
			);
			path = Model;
			sourceTree = "<group>";
		};
		B3135B051C73590C000FF8BF /* View */ = {
			isa = PBXGroup;
			children = (
				B3135B0C1C74AA49000FF8BF /* TTTextView.h */,
				B3135B0D1C74AA49000FF8BF /* TTTextView.m */,
				B3135B0F1C755C00000FF8BF /* TTComposeToolBar.h */,
				B3135B101C755C00000FF8BF /* TTComposeToolBar.m */,
				B3135B121C756AF4000FF8BF /* TTComposePhotosView.h */,
				B3135B131C756AF4000FF8BF /* TTComposePhotosView.m */,
			);
			path = View;
			sourceTree = "<group>";
		};
		B3135B151C7576C0000FF8BF /* Compose */ = {
			isa = PBXGroup;
			children = (
				B3135B161C75772F000FF8BF /* Param */,
				B3135B1A1C757776000FF8BF /* TTComposeTool.h */,
				B3135B1B1C757776000FF8BF /* TTComposeTool.m */,
			);
			path = Compose;
			sourceTree = "<group>";
		};
		B3135B161C75772F000FF8BF /* Param */ = {
			isa = PBXGroup;
			children = (
				B3135B171C75774A000FF8BF /* TTComposeParam.h */,
				B3135B181C75774A000FF8BF /* TTComposeParam.m */,
				B3D3651F1C7599FE003BB1EB /* TTUploadParam.h */,
				B3D365201C7599FE003BB1EB /* TTUploadParam.m */,
			);
			path = Param;
			sourceTree = "<group>";
		};
		B31486061C5CA7F200D43094 = {
			isa = PBXGroup;
			children = (
				B3C812FA1C5DB946002A37C5 /* UIKit.framework */,
				B31486111C5CA7F200D43094 /* weibo */,
				B314862B1C5CA7F200D43094 /* weiboTests */,
				B31486361C5CA7F200D43094 /* weiboUITests */,
				B31486101C5CA7F200D43094 /* Products */,
				0BEB660DF2CABE2C542CC321 /* Pods */,
				9F00053DB5DA1AB77A6C5BED /* Frameworks */,
			);
			sourceTree = "<group>";
		};
		B31486101C5CA7F200D43094 /* Products */ = {
			isa = PBXGroup;
			children = (
				B314860F1C5CA7F200D43094 /* weibo.app */,
				B31486281C5CA7F200D43094 /* weiboTests.xctest */,
				B31486331C5CA7F200D43094 /* weiboUITests.xctest */,
			);
			name = Products;
			sourceTree = "<group>";
		};
		B31486111C5CA7F200D43094 /* weibo */ = {
			isa = PBXGroup;
			children = (
				B3C812FF1C5E041F002A37C5 /* Classes */,
				B31486121C5CA7F200D43094 /* Supporting Files */,
			);
			path = weibo;
			sourceTree = "<group>";
		};
		B31486121C5CA7F200D43094 /* Supporting Files */ = {
			isa = PBXGroup;
			children = (
				B3BB05C21C6C7A0E00B605E1 /* Mp3 */,
				B314861E1C5CA7F200D43094 /* Assets.xcassets */,
				B31486201C5CA7F200D43094 /* LaunchScreen.storyboard */,
				B31486231C5CA7F200D43094 /* Info.plist */,
			);
			name = "Supporting Files";
			sourceTree = "<group>";
		};
		B314862B1C5CA7F200D43094 /* weiboTests */ = {
			isa = PBXGroup;
			children = (
				B314862C1C5CA7F200D43094 /* weiboTests.m */,
				B314862E1C5CA7F200D43094 /* Info.plist */,
			);
			path = weiboTests;
			sourceTree = "<group>";
		};
		B31486361C5CA7F200D43094 /* weiboUITests */ = {
			isa = PBXGroup;
			children = (
				B31486371C5CA7F200D43094 /* weiboUITests.m */,
				B31486391C5CA7F200D43094 /* Info.plist */,
			);
			path = weiboUITests;
			sourceTree = "<group>";
		};
		B3766E7C1C65A191006790BC /* NewFeature */ = {
			isa = PBXGroup;
			children = (
				B3766E7D1C65A191006790BC /* Controller */,
				B3766E7E1C65A191006790BC /* Model */,
				B3766E7F1C65A191006790BC /* View */,
			);
			path = NewFeature;
			sourceTree = "<group>";
		};
		B3766E7D1C65A191006790BC /* Controller */ = {
			isa = PBXGroup;
			children = (
				B3766E801C65A1CB006790BC /* TTNewFeatureController.h */,
				B3766E811C65A1CB006790BC /* TTNewFeatureController.m */,
			);
			path = Controller;
			sourceTree = "<group>";
		};
		B3766E7E1C65A191006790BC /* Model */ = {
			isa = PBXGroup;
			children = (
			);
			path = Model;
			sourceTree = "<group>";
		};
		B3766E7F1C65A191006790BC /* View */ = {
			isa = PBXGroup;
			children = (
				B3766E831C65C3C8006790BC /* TTNewFeatureCell.h */,
				B3766E841C65C3C8006790BC /* TTNewFeatureCell.m */,
			);
			path = View;
			sourceTree = "<group>";
		};
		B3766E861C66E4CD006790BC /* OAuth */ = {
			isa = PBXGroup;
			children = (
				B3766E871C66E4CD006790BC /* Controller */,
				B3766E881C66E4CD006790BC /* Model */,
				B3766E891C66E4CD006790BC /* View */,
			);
			path = OAuth;
			sourceTree = "<group>";
		};
		B3766E871C66E4CD006790BC /* Controller */ = {
			isa = PBXGroup;
			children = (
				B3766E8A1C66E509006790BC /* TTOAuthViewController.h */,
				B3766E8B1C66E509006790BC /* TTOAuthViewController.m */,
			);
			path = Controller;
			sourceTree = "<group>";
		};
		B3766E881C66E4CD006790BC /* Model */ = {
			isa = PBXGroup;
			children = (
				B3766E961C695A32006790BC /* TTAccount.h */,
				B3766E971C695A32006790BC /* TTAccount.m */,
			);
			path = Model;
			sourceTree = "<group>";
		};
		B3766E891C66E4CD006790BC /* View */ = {
			isa = PBXGroup;
			children = (
			);
			path = View;
			sourceTree = "<group>";
		};
		B3766E8D1C67227E006790BC /* Lib */ = {
			isa = PBXGroup;
			children = (
				B3135AE71C734CA7000FF8BF /* MJPhotoBrowser */,
				B3766EFD1C69FF12006790BC /* MJExtension */,
				B3766EE41C69EE42006790BC /* MJRefresh */,
				B3766ECE1C698F02006790BC /* MBProgressHUD */,
			);
			path = Lib;
			sourceTree = "<group>";
		};
		B3766E991C696019006790BC /* Tool */ = {
			isa = PBXGroup;
			children = (
				B3135B151C7576C0000FF8BF /* Compose */,
				B3BB05B61C6C686A00B605E1 /* Param */,
				B3BB05B01C6C67DB00B605E1 /* User */,
				B3BB05A01C6C32D600B605E1 /* Status */,
				B3BB055A1C6AE52F00B605E1 /* Http */,
				B3766ED71C69A8E2006790BC /* Root */,
				B3766E9A1C696019006790BC /* Account */,
			);
			path = Tool;
			sourceTree = "<group>";
		};
		B3766E9A1C696019006790BC /* Account */ = {
			isa = PBXGroup;
			children = (
				B3BB05AC1C6C622600B605E1 /* Param */,
				B3766E9B1C696035006790BC /* TTAccountTool.h */,
				B3766E9C1C696035006790BC /* TTAccountTool.m */,
			);
			path = Account;
			sourceTree = "<group>";
		};
		B3766ECE1C698F02006790BC /* MBProgressHUD */ = {
			isa = PBXGroup;
			children = (
				B3766ECF1C698F02006790BC /* MBProgressHUD+MJ.h */,
				B3766ED01C698F02006790BC /* MBProgressHUD+MJ.m */,
				B3766ED11C698F02006790BC /* MBProgressHUD.bundle */,
				B3766ED21C698F02006790BC /* MBProgressHUD.h */,
				B3766ED31C698F02006790BC /* MBProgressHUD.m */,
			);
			name = MBProgressHUD;
			path = ../MBProgressHUD;
			sourceTree = "<group>";
		};
		B3766ED71C69A8E2006790BC /* Root */ = {
			isa = PBXGroup;
			children = (
				B3766ED81C69A8F2006790BC /* TTRootTool.h */,
				B3766ED91C69A8F2006790BC /* TTRootTool.m */,
			);
			path = Root;
			sourceTree = "<group>";
		};
		B3766EE41C69EE42006790BC /* MJRefresh */ = {
			isa = PBXGroup;
			children = (
				B3766EE51C69EE42006790BC /* MJRefresh.bundle */,
				B3766EE61C69EE42006790BC /* MJRefresh.h */,
				B3766EE71C69EE42006790BC /* MJRefreshBaseView.h */,
				B3766EE81C69EE42006790BC /* MJRefreshBaseView.m */,
				B3766EE91C69EE42006790BC /* MJRefreshConst.h */,
				B3766EEA1C69EE42006790BC /* MJRefreshConst.m */,
				B3766EEB1C69EE42006790BC /* MJRefreshFooterView.h */,
				B3766EEC1C69EE42006790BC /* MJRefreshFooterView.m */,
				B3766EED1C69EE42006790BC /* MJRefreshHeaderView.h */,
				B3766EEE1C69EE42006790BC /* MJRefreshHeaderView.m */,
				B3766EEF1C69EE42006790BC /* UIScrollView+MJExtension.h */,
				B3766EF01C69EE42006790BC /* UIScrollView+MJExtension.m */,
				B3766EF11C69EE42006790BC /* UIScrollView+MJRefresh.h */,
				B3766EF21C69EE42006790BC /* UIScrollView+MJRefresh.m */,
				B3766EF31C69EE42006790BC /* UIView+MJExtension.h */,
				B3766EF41C69EE42006790BC /* UIView+MJExtension.m */,
			);
			path = MJRefresh;
			sourceTree = "<group>";
		};
		B3766EFD1C69FF12006790BC /* MJExtension */ = {
			isa = PBXGroup;
			children = (
				B3766EFE1C69FF12006790BC /* MJConst.h */,
				B3766EFF1C69FF12006790BC /* MJConst.m */,
				B3766F001C69FF12006790BC /* MJExtension.h */,
				B3766F011C69FF12006790BC /* MJFoundation.h */,
				B3766F021C69FF12006790BC /* MJFoundation.m */,
				B3766F031C69FF12006790BC /* MJIvar.h */,
				B3766F041C69FF12006790BC /* MJIvar.m */,
				B3766F051C69FF12006790BC /* MJType.h */,
				B3766F061C69FF12006790BC /* MJType.m */,
				B3766F071C69FF12006790BC /* NSObject+MJCoding.h */,
				B3766F081C69FF12006790BC /* NSObject+MJCoding.m */,
				B3766F091C69FF12006790BC /* NSObject+MJIvar.h */,
				B3766F0A1C69FF12006790BC /* NSObject+MJIvar.m */,
				B3766F0B1C69FF12006790BC /* NSObject+MJKeyValue.h */,
				B3766F0C1C69FF12006790BC /* NSObject+MJKeyValue.m */,
			);
			path = MJExtension;
			sourceTree = "<group>";
		};
		B3BB055A1C6AE52F00B605E1 /* Http */ = {
			isa = PBXGroup;
			children = (
				B3BB055B1C6AE54300B605E1 /* TTHttpTool.h */,
				B3BB055C1C6AE54300B605E1 /* TTHttpTool.m */,
			);
			path = Http;
			sourceTree = "<group>";
		};
		B3BB05A01C6C32D600B605E1 /* Status */ = {
			isa = PBXGroup;
			children = (
				B3BB05A41C6C553F00B605E1 /* Param */,
				B3BB05A51C6C553F00B605E1 /* Result */,
				B3BB05A11C6C330200B605E1 /* TTStatusTool.h */,
				B3BB05A21C6C330200B605E1 /* TTStatusTool.m */,
			);
			path = Status;
			sourceTree = "<group>";
		};
		B3BB05A41C6C553F00B605E1 /* Param */ = {
			isa = PBXGroup;
			children = (
				B3BB05A61C6C556000B605E1 /* TTStatusParam.h */,
				B3BB05A71C6C556000B605E1 /* TTStatusParam.m */,
			);
			path = Param;
			sourceTree = "<group>";
		};
		B3BB05A51C6C553F00B605E1 /* Result */ = {
			isa = PBXGroup;
			children = (
				B3BB05A91C6C57BC00B605E1 /* TTStatusResult.h */,
				B3BB05AA1C6C57BC00B605E1 /* TTStatusResult.m */,
			);
			path = Result;
			sourceTree = "<group>";
		};
		B3BB05AC1C6C622600B605E1 /* Param */ = {
			isa = PBXGroup;
			children = (
				B3BB05AD1C6C624200B605E1 /* TTAccountParam.h */,
				B3BB05AE1C6C624200B605E1 /* TTAccountParam.m */,
			);
			path = Param;
			sourceTree = "<group>";
		};
		B3BB05B01C6C67DB00B605E1 /* User */ = {
			isa = PBXGroup;
			children = (
				B3BB05B11C6C67DB00B605E1 /* Param */,
				B3BB05B21C6C67DB00B605E1 /* Result */,
				B3BB05BD1C6C6BC000B605E1 /* TTUserTool.h */,
				B3BB05BE1C6C6BC000B605E1 /* TTUserTool.m */,
			);
			path = User;
			sourceTree = "<group>";
		};
		B3BB05B11C6C67DB00B605E1 /* Param */ = {
			isa = PBXGroup;
			children = (
				B3BB05B31C6C67ED00B605E1 /* TTUserParam.h */,
				B3BB05B41C6C67ED00B605E1 /* TTUserParam.m */,
			);
			path = Param;
			sourceTree = "<group>";
		};
		B3BB05B21C6C67DB00B605E1 /* Result */ = {
			isa = PBXGroup;
			children = (
				B3BB05BA1C6C69F800B605E1 /* TTUserResult.h */,
				B3BB05BB1C6C69F800B605E1 /* TTUserResult.m */,
			);
			path = Result;
			sourceTree = "<group>";
		};
		B3BB05B61C6C686A00B605E1 /* Param */ = {
			isa = PBXGroup;
			children = (
				B3BB05B71C6C688000B605E1 /* TTBaseParam.h */,
				B3BB05B81C6C688000B605E1 /* TTBaseParam.m */,
			);
			path = Param;
			sourceTree = "<group>";
		};
		B3BB05C21C6C7A0E00B605E1 /* Mp3 */ = {
			isa = PBXGroup;
			children = (
				B3BB05C31C6C7A0E00B605E1 /* silence.mp3 */,
				B3BB05C41C6C7A0E00B605E1 /* 爸比我要喝奶奶.mp3 */,
			);
			path = Mp3;
			sourceTree = "<group>";
		};
		B3C812FF1C5E041F002A37C5 /* Classes */ = {
			isa = PBXGroup;
			children = (
				B3135B021C73590C000FF8BF /* Compose */,
				B3766E991C696019006790BC /* Tool */,
				B3766E861C66E4CD006790BC /* OAuth */,
				B3766E7C1C65A191006790BC /* NewFeature */,
				B3C813001C5E041F002A37C5 /* Discover */,
				B3C813041C5E041F002A37C5 /* Home */,
				B3C813081C5E041F002A37C5 /* Main */,
				B3C813101C5E041F002A37C5 /* Message */,
				B3C813141C5E041F002A37C5 /* Other */,
				B3C8131B1C5E041F002A37C5 /* Profile */,
			);
			path = Classes;
			sourceTree = "<group>";
		};
		B3C813001C5E041F002A37C5 /* Discover */ = {
			isa = PBXGroup;
			children = (
				B3C813011C5E041F002A37C5 /* Controller */,
				B3C813021C5E041F002A37C5 /* Model */,
				B3C813031C5E041F002A37C5 /* View */,
			);
			path = Discover;
			sourceTree = "<group>";
		};
		B3C813011C5E041F002A37C5 /* Controller */ = {
			isa = PBXGroup;
			children = (
				B3C813241C5E0F9D002A37C5 /* TTDiscoverViewController.h */,
				B3C813251C5E0F9D002A37C5 /* TTDiscoverViewController.m */,
			);
			path = Controller;
			sourceTree = "<group>";
		};
		B3C813021C5E041F002A37C5 /* Model */ = {
			isa = PBXGroup;
			children = (
			);
			path = Model;
			sourceTree = "<group>";
		};
		B3C813031C5E041F002A37C5 /* View */ = {
			isa = PBXGroup;
			children = (
				B3C8132B1C5E11FD002A37C5 /* TTSearchBar.h */,
				B3C8132C1C5E11FD002A37C5 /* TTSearchBar.m */,
			);
			path = View;
			sourceTree = "<group>";
		};
		B3C813041C5E041F002A37C5 /* Home */ = {
			isa = PBXGroup;
			children = (
				B3C813051C5E041F002A37C5 /* Controller */,
				B3C813061C5E041F002A37C5 /* Model */,
				B3C813071C5E041F002A37C5 /* View */,
			);
			path = Home;
			sourceTree = "<group>";
		};
		B3C813051C5E041F002A37C5 /* Controller */ = {
			isa = PBXGroup;
			children = (
				B3C813401C5F228C002A37C5 /* TTOneViewController.h */,
				B3C813411C5F228C002A37C5 /* TTOneViewController.m */,
				B3C8133D1C5F07A6002A37C5 /* TTHomeViewController.h */,
				B3C8133E1C5F07A6002A37C5 /* TTHomeViewController.m */,
			);
			path = Controller;
			sourceTree = "<group>";
		};
		B3C813061C5E041F002A37C5 /* Model */ = {
			isa = PBXGroup;
			children = (
				B30EBFE71C6DE16F00AFD00A /* ViewModel */,
				B3766EDB1C69D358006790BC /* TTStatus.h */,
				B3766EDC1C69D358006790BC /* TTStatus.m */,
				B3766EDE1C69D64C006790BC /* TTUser.h */,
				B3766EDF1C69D64C006790BC /* TTUser.m */,
				B3766EE11C69D70D006790BC /* TTPhoto.h */,
				B3766EE21C69D70D006790BC /* TTPhoto.m */,
			);
			path = Model;
			sourceTree = "<group>";
		};
		B3C813071C5E041F002A37C5 /* View */ = {
			isa = PBXGroup;
			children = (
				B30EBFDA1C6DCC8F00AFD00A /* Cell */,
				B3C813341C5EFC68002A37C5 /* TTTitleButton.h */,
				B3C813351C5EFC68002A37C5 /* TTTitleButton.m */,
				B3C813371C5F014F002A37C5 /* TTPopMenu.h */,
				B3C813381C5F014F002A37C5 /* TTPopMenu.m */,
				B3C8133A1C5F0498002A37C5 /* TTCover.h */,
				B3C8133B1C5F0498002A37C5 /* TTCover.m */,
			);
			path = View;
			sourceTree = "<group>";
		};
		B3C813081C5E041F002A37C5 /* Main */ = {
			isa = PBXGroup;
			children = (
				B3C813091C5E041F002A37C5 /* Controller */,
				B3C8130C1C5E041F002A37C5 /* Model */,
				B3C8130D1C5E041F002A37C5 /* View */,
			);
			path = Main;
			sourceTree = "<group>";
		};
		B3C813091C5E041F002A37C5 /* Controller */ = {
			isa = PBXGroup;
			children = (
				B3C8130A1C5E041F002A37C5 /* TTTabBarController.h */,
				B3C8130B1C5E041F002A37C5 /* TTTabBarController.m */,
				B3C813311C5EF974002A37C5 /* TTNavigationController.h */,
				B3C813321C5EF974002A37C5 /* TTNavigationController.m */,
			);
			path = Controller;
			sourceTree = "<group>";
		};
		B3C8130C1C5E041F002A37C5 /* Model */ = {
			isa = PBXGroup;
			children = (
			);
			path = Model;
			sourceTree = "<group>";
		};
		B3C8130D1C5E041F002A37C5 /* View */ = {
			isa = PBXGroup;
			children = (
				B3C8130E1C5E041F002A37C5 /* TTTabBar.h */,
				B3C8130F1C5E041F002A37C5 /* TTTabBar.m */,
				B3C813491C5F2804002A37C5 /* TTTabBarButton.h */,
				B3C8134A1C5F2804002A37C5 /* TTTabBarButton.m */,
				B3C8134C1C5F2859002A37C5 /* TTBadgeView.h */,
				B3C8134D1C5F2859002A37C5 /* TTBadgeView.m */,
			);
			path = View;
			sourceTree = "<group>";
		};
		B3C813101C5E041F002A37C5 /* Message */ = {
			isa = PBXGroup;
			children = (
				B3C813111C5E041F002A37C5 /* Controller */,
				B3C813121C5E041F002A37C5 /* Model */,
				B3C813131C5E041F002A37C5 /* View */,
			);
			path = Message;
			sourceTree = "<group>";
		};
		B3C813111C5E041F002A37C5 /* Controller */ = {
			isa = PBXGroup;
			children = (
				B3C813431C5F2482002A37C5 /* TTMessageViewController.h */,
				B3C813441C5F2482002A37C5 /* TTMessageViewController.m */,
			);
			path = Controller;
			sourceTree = "<group>";
		};
		B3C813121C5E041F002A37C5 /* Model */ = {
			isa = PBXGroup;
			children = (
			);
			path = Model;
			sourceTree = "<group>";
		};
		B3C813131C5E041F002A37C5 /* View */ = {
			isa = PBXGroup;
			children = (
			);
			path = View;
			sourceTree = "<group>";
		};
		B3C813141C5E041F002A37C5 /* Other */ = {
			isa = PBXGroup;
			children = (
				B3766E8D1C67227E006790BC /* Lib */,
				B3C813151C5E041F002A37C5 /* AppDelegate.h */,
				B3C813161C5E041F002A37C5 /* AppDelegate.m */,
				B3C813171C5E041F002A37C5 /* Category */,
				B3C8131A1C5E041F002A37C5 /* main.m */,
				B3C813271C5E1060002A37C5 /* weibo.pch */,
			);
			path = Other;
			sourceTree = "<group>";
		};
		B3C813171C5E041F002A37C5 /* Category */ = {
			isa = PBXGroup;
			children = (
				B30959EB1C705805009C2384 /* NSDate+MJ.h */,
				B30959EC1C705805009C2384 /* NSDate+MJ.m */,
				B3C813181C5E041F002A37C5 /* UIImage+Image.h */,
				B3C813191C5E041F002A37C5 /* UIImage+Image.m */,
				B3C813281C5E1129002A37C5 /* UIView+Frame.h */,
				B3C813291C5E1129002A37C5 /* UIView+Frame.m */,
				B3C8132E1C5EF390002A37C5 /* UIBarButtonItem+Item.h */,
				B3C8132F1C5EF390002A37C5 /* UIBarButtonItem+Item.m */,
			);
			path = Category;
			sourceTree = "<group>";
		};
		B3C8131B1C5E041F002A37C5 /* Profile */ = {
			isa = PBXGroup;
			children = (
				B3C8131C1C5E041F002A37C5 /* Controller */,
				B3C8131D1C5E041F002A37C5 /* Model */,
				B3C8131E1C5E041F002A37C5 /* View */,
			);
			path = Profile;
			sourceTree = "<group>";
		};
		B3C8131C1C5E041F002A37C5 /* Controller */ = {
			isa = PBXGroup;
			children = (
				B3C813461C5F25A0002A37C5 /* TTProfileViewController.h */,
				B3C813471C5F25A0002A37C5 /* TTProfileViewController.m */,
			);
			path = Controller;
			sourceTree = "<group>";
		};
		B3C8131D1C5E041F002A37C5 /* Model */ = {
			isa = PBXGroup;
			children = (
			);
			path = Model;
			sourceTree = "<group>";
		};
		B3C8131E1C5E041F002A37C5 /* View */ = {
			isa = PBXGroup;
			children = (
			);
			path = View;
			sourceTree = "<group>";
		};
/* End PBXGroup section */

/* Begin PBXNativeTarget section */
		B314860E1C5CA7F200D43094 /* weibo */ = {
			isa = PBXNativeTarget;
			buildConfigurationList = B314863C1C5CA7F200D43094 /* Build configuration list for PBXNativeTarget "weibo" */;
			buildPhases = (
				67E1D96F2177D724F12C7126 /* Check Pods Manifest.lock */,
				B314860B1C5CA7F200D43094 /* Sources */,
				B314860C1C5CA7F200D43094 /* Frameworks */,
				B314860D1C5CA7F200D43094 /* Resources */,
				C823DAEFD9BE72C923276C4D /* Embed Pods Frameworks */,
				E9A48B760CDDC022DF5BFBA5 /* Copy Pods Resources */,
			);
			buildRules = (
			);
			dependencies = (
			);
			name = weibo;
			productName = weibo;
			productReference = B314860F1C5CA7F200D43094 /* weibo.app */;
			productType = "com.apple.product-type.application";
		};
		B31486271C5CA7F200D43094 /* weiboTests */ = {
			isa = PBXNativeTarget;
			buildConfigurationList = B314863F1C5CA7F200D43094 /* Build configuration list for PBXNativeTarget "weiboTests" */;
			buildPhases = (
				B31486241C5CA7F200D43094 /* Sources */,
				B31486251C5CA7F200D43094 /* Frameworks */,
				B31486261C5CA7F200D43094 /* Resources */,
			);
			buildRules = (
			);
			dependencies = (
				B314862A1C5CA7F200D43094 /* PBXTargetDependency */,
			);
			name = weiboTests;
			productName = weiboTests;
			productReference = B31486281C5CA7F200D43094 /* weiboTests.xctest */;
			productType = "com.apple.product-type.bundle.unit-test";
		};
		B31486321C5CA7F200D43094 /* weiboUITests */ = {
			isa = PBXNativeTarget;
			buildConfigurationList = B31486421C5CA7F200D43094 /* Build configuration list for PBXNativeTarget "weiboUITests" */;
			buildPhases = (
				B314862F1C5CA7F200D43094 /* Sources */,
				B31486301C5CA7F200D43094 /* Frameworks */,
				B31486311C5CA7F200D43094 /* Resources */,
			);
			buildRules = (
			);
			dependencies = (
				B31486351C5CA7F200D43094 /* PBXTargetDependency */,
			);
			name = weiboUITests;
			productName = weiboUITests;
			productReference = B31486331C5CA7F200D43094 /* weiboUITests.xctest */;
			productType = "com.apple.product-type.bundle.ui-testing";
		};
/* End PBXNativeTarget section */

/* Begin PBXProject section */
		B31486071C5CA7F200D43094 /* Project object */ = {
			isa = PBXProject;
			attributes = {
				CLASSPREFIX = TT;
				LastUpgradeCheck = 0720;
				ORGANIZATIONNAME = leo;
				TargetAttributes = {
					B314860E1C5CA7F200D43094 = {
						CreatedOnToolsVersion = 7.2;
						SystemCapabilities = {
							com.apple.BackgroundModes = {
								enabled = 1;
							};
						};
					};
					B31486271C5CA7F200D43094 = {
						CreatedOnToolsVersion = 7.2;
						TestTargetID = B314860E1C5CA7F200D43094;
					};
					B31486321C5CA7F200D43094 = {
						CreatedOnToolsVersion = 7.2;
						TestTargetID = B314860E1C5CA7F200D43094;
					};
				};
			};
			buildConfigurationList = B314860A1C5CA7F200D43094 /* Build configuration list for PBXProject "weibo" */;
			compatibilityVersion = "Xcode 3.2";
			developmentRegion = English;
			hasScannedForEncodings = 0;
			knownRegions = (
				en,
				Base,
			);
			mainGroup = B31486061C5CA7F200D43094;
			productRefGroup = B31486101C5CA7F200D43094 /* Products */;
			projectDirPath = "";
			projectRoot = "";
			targets = (
				B314860E1C5CA7F200D43094 /* weibo */,
				B31486271C5CA7F200D43094 /* weiboTests */,
				B31486321C5CA7F200D43094 /* weiboUITests */,
			);
		};
/* End PBXProject section */

/* Begin PBXResourcesBuildPhase section */
		B314860D1C5CA7F200D43094 /* Resources */ = {
			isa = PBXResourcesBuildPhase;
			buildActionMask = 2147483647;
			files = (
				B3BB05C61C6C7A0E00B605E1 /* 爸比我要喝奶奶.mp3 in Resources */,
				B31486221C5CA7F200D43094 /* LaunchScreen.storyboard in Resources */,
				B3BB05C51C6C7A0E00B605E1 /* silence.mp3 in Resources */,
				B3766EF51C69EE42006790BC /* MJRefresh.bundle in Resources */,
				B3766ED51C698F02006790BC /* MBProgressHUD.bundle in Resources */,
				B314861F1C5CA7F200D43094 /* Assets.xcassets in Resources */,
				B3135AF81C734CA7000FF8BF /* MJPhotoBrowser.bundle in Resources */,
			);
			runOnlyForDeploymentPostprocessing = 0;
		};
		B31486261C5CA7F200D43094 /* Resources */ = {
			isa = PBXResourcesBuildPhase;
			buildActionMask = 2147483647;
			files = (
			);
			runOnlyForDeploymentPostprocessing = 0;
		};
		B31486311C5CA7F200D43094 /* Resources */ = {
			isa = PBXResourcesBuildPhase;
			buildActionMask = 2147483647;
			files = (
			);
			runOnlyForDeploymentPostprocessing = 0;
		};
/* End PBXResourcesBuildPhase section */

/* Begin PBXShellScriptBuildPhase section */
		67E1D96F2177D724F12C7126 /* Check Pods Manifest.lock */ = {
			isa = PBXShellScriptBuildPhase;
			buildActionMask = 2147483647;
			files = (
			);
			inputPaths = (
			);
			name = "Check Pods Manifest.lock";
			outputPaths = (
			);
			runOnlyForDeploymentPostprocessing = 0;
			shellPath = /bin/sh;
			shellScript = "diff \"${PODS_ROOT}/../Podfile.lock\" \"${PODS_ROOT}/Manifest.lock\" > /dev/null\nif [[ $? != 0 ]] ; then\n    cat << EOM\nerror: The sandbox is not in sync with the Podfile.lock. Run 'pod install' or update your CocoaPods installation.\nEOM\n    exit 1\nfi\n";
			showEnvVarsInLog = 0;
		};
		C823DAEFD9BE72C923276C4D /* Embed Pods Frameworks */ = {
			isa = PBXShellScriptBuildPhase;
			buildActionMask = 2147483647;
			files = (
			);
			inputPaths = (
			);
			name = "Embed Pods Frameworks";
			outputPaths = (
			);
			runOnlyForDeploymentPostprocessing = 0;
			shellPath = /bin/sh;
			shellScript = "\"${SRCROOT}/Pods/Target Support Files/Pods-weibo/Pods-weibo-frameworks.sh\"\n";
			showEnvVarsInLog = 0;
		};
		E9A48B760CDDC022DF5BFBA5 /* Copy Pods Resources */ = {
			isa = PBXShellScriptBuildPhase;
			buildActionMask = 2147483647;
			files = (
			);
			inputPaths = (
			);
			name = "Copy Pods Resources";
			outputPaths = (
			);
			runOnlyForDeploymentPostprocessing = 0;
			shellPath = /bin/sh;
			shellScript = "\"${SRCROOT}/Pods/Target Support Files/Pods-weibo/Pods-weibo-resources.sh\"\n";
			showEnvVarsInLog = 0;
		};
/* End PBXShellScriptBuildPhase section */

/* Begin PBXSourcesBuildPhase section */
		B314860B1C5CA7F200D43094 /* Sources */ = {
			isa = PBXSourcesBuildPhase;
			buildActionMask = 2147483647;
			files = (
				B3766EFA1C69EE42006790BC /* UIScrollView+MJExtension.m in Sources */,
				B3135B0B1C735957000FF8BF /* TTComposeViewController.m in Sources */,
				B3135AFB1C734CA7000FF8BF /* MJPhotoProgressView.m in Sources */,
				B3C813451C5F2482002A37C5 /* TTMessageViewController.m in Sources */,
				B30EBFE01C6DCD8000AFD00A /* TTOriginalView.m in Sources */,
				B3C813231C5E041F002A37C5 /* main.m in Sources */,
				B3135B141C756AF4000FF8BF /* TTComposePhotosView.m in Sources */,
				B3766F101C69FF12006790BC /* MJType.m in Sources */,
				B3BB05B51C6C67ED00B605E1 /* TTUserParam.m in Sources */,
				B3766E981C695A32006790BC /* TTAccount.m in Sources */,
				B3766EE01C69D64C006790BC /* TTUser.m in Sources */,
				B3BB05BF1C6C6BC000B605E1 /* TTUserTool.m in Sources */,
				B3766EE31C69D70D006790BC /* TTPhoto.m in Sources */,
				B3C813301C5EF390002A37C5 /* UIBarButtonItem+Item.m in Sources */,
				B3C8134B1C5F2804002A37C5 /* TTTabBarButton.m in Sources */,
				B3766EF81C69EE42006790BC /* MJRefreshFooterView.m in Sources */,
				B30EBFE31C6DCEE400AFD00A /* TTRetweetView.m in Sources */,
				B3766EF71C69EE42006790BC /* MJRefreshConst.m in Sources */,
				B3135B0E1C74AA49000FF8BF /* TTTextView.m in Sources */,
				B3BB05BC1C6C69F800B605E1 /* TTUserResult.m in Sources */,
				B3766E851C65C3C8006790BC /* TTNewFeatureCell.m in Sources */,
				B3766F131C69FF12006790BC /* NSObject+MJKeyValue.m in Sources */,
				B30EBFE61C6DCF1900AFD00A /* TTStatusToolBar.m in Sources */,
				B3C813391C5F014F002A37C5 /* TTPopMenu.m in Sources */,
				B3BB05B91C6C688000B605E1 /* TTBaseParam.m in Sources */,
				B3766EF61C69EE42006790BC /* MJRefreshBaseView.m in Sources */,
				B3135B1C1C757776000FF8BF /* TTComposeTool.m in Sources */,
				B3766EDD1C69D358006790BC /* TTStatus.m in Sources */,
				B3766EFC1C69EE42006790BC /* UIView+MJExtension.m in Sources */,
				B3C8134E1C5F2859002A37C5 /* TTBadgeView.m in Sources */,
				B3135AFA1C734CA7000FF8BF /* MJPhotoLoadingView.m in Sources */,
				B3766E8C1C66E509006790BC /* TTOAuthViewController.m in Sources */,
				B3766EF91C69EE42006790BC /* MJRefreshHeaderView.m in Sources */,
				B3766EFB1C69EE42006790BC /* UIScrollView+MJRefresh.m in Sources */,
				B3135AFE1C734CA7000FF8BF /* SDWebImageManager+MJ.m in Sources */,
				B3766F0F1C69FF12006790BC /* MJIvar.m in Sources */,
				B3BB05AF1C6C624200B605E1 /* TTAccountParam.m in Sources */,
				B3BB05A31C6C330200B605E1 /* TTStatusTool.m in Sources */,
				B3C813361C5EFC68002A37C5 /* TTTitleButton.m in Sources */,
				B3135AFD1C734CA7000FF8BF /* MJPhotoView.m in Sources */,
				B3766E9D1C696035006790BC /* TTAccountTool.m in Sources */,
				B3C813421C5F228C002A37C5 /* TTOneViewController.m in Sources */,
				B3766F0E1C69FF12006790BC /* MJFoundation.m in Sources */,
				B3135AFC1C734CA7000FF8BF /* MJPhotoToolbar.m in Sources */,
				B3766ED61C698F02006790BC /* MBProgressHUD.m in Sources */,
				B30EBFDD1C6DCCAB00AFD00A /* TTStatusCell.m in Sources */,
				B3BB05AB1C6C57BC00B605E1 /* TTStatusResult.m in Sources */,
				B3C813261C5E0F9D002A37C5 /* TTDiscoverViewController.m in Sources */,
				B3BB055D1C6AE54300B605E1 /* TTHttpTool.m in Sources */,
				B3135B011C7350EB000FF8BF /* TTPhotoView.m in Sources */,
				B3135AF91C734CA7000FF8BF /* MJPhotoBrowser.m in Sources */,
				B3766F0D1C69FF12006790BC /* MJConst.m in Sources */,
				B30959F01C72C224009C2384 /* TTPhotosView.m in Sources */,
				B3C813331C5EF974002A37C5 /* TTNavigationController.m in Sources */,
				B3766F111C69FF12006790BC /* NSObject+MJCoding.m in Sources */,
				B3C8131F1C5E041F002A37C5 /* TTTabBarController.m in Sources */,
				B3135B111C755C00000FF8BF /* TTComposeToolBar.m in Sources */,
				B3766F121C69FF12006790BC /* NSObject+MJIvar.m in Sources */,
				B3D365211C7599FE003BB1EB /* TTUploadParam.m in Sources */,
				B3766EDA1C69A8F2006790BC /* TTRootTool.m in Sources */,
				B3C8133C1C5F0498002A37C5 /* TTCover.m in Sources */,
				B3135B191C75774A000FF8BF /* TTComposeParam.m in Sources */,
				B3C8132D1C5E11FD002A37C5 /* TTSearchBar.m in Sources */,
				B3BB05A81C6C556000B605E1 /* TTStatusParam.m in Sources */,
				B30EBFEA1C6DE19F00AFD00A /* TTStatusFrame.m in Sources */,
				B3766ED41C698F02006790BC /* MBProgressHUD+MJ.m in Sources */,
				B3135AF71C734CA7000FF8BF /* MJPhoto.m in Sources */,
				B3C8133F1C5F07A6002A37C5 /* TTHomeViewController.m in Sources */,
				B3C8132A1C5E1129002A37C5 /* UIView+Frame.m in Sources */,
				B3C813221C5E041F002A37C5 /* UIImage+Image.m in Sources */,
				B30959ED1C705805009C2384 /* NSDate+MJ.m in Sources */,
				B3766E821C65A1CB006790BC /* TTNewFeatureController.m in Sources */,
				B3C813201C5E041F002A37C5 /* TTTabBar.m in Sources */,
				B3C813211C5E041F002A37C5 /* AppDelegate.m in Sources */,
				B3C813481C5F25A0002A37C5 /* TTProfileViewController.m in Sources */,
			);
			runOnlyForDeploymentPostprocessing = 0;
		};
		B31486241C5CA7F200D43094 /* Sources */ = {
			isa = PBXSourcesBuildPhase;
			buildActionMask = 2147483647;
			files = (
				B314862D1C5CA7F200D43094 /* weiboTests.m in Sources */,
			);
			runOnlyForDeploymentPostprocessing = 0;
		};
		B314862F1C5CA7F200D43094 /* Sources */ = {
			isa = PBXSourcesBuildPhase;
			buildActionMask = 2147483647;
			files = (
				B31486381C5CA7F200D43094 /* weiboUITests.m in Sources */,
			);
			runOnlyForDeploymentPostprocessing = 0;
		};
/* End PBXSourcesBuildPhase section */

/* Begin PBXTargetDependency section */
		B314862A1C5CA7F200D43094 /* PBXTargetDependency */ = {
			isa = PBXTargetDependency;
			target = B314860E1C5CA7F200D43094 /* weibo */;
			targetProxy = B31486291C5CA7F200D43094 /* PBXContainerItemProxy */;
		};
		B31486351C5CA7F200D43094 /* PBXTargetDependency */ = {
			isa = PBXTargetDependency;
			target = B314860E1C5CA7F200D43094 /* weibo */;
			targetProxy = B31486341C5CA7F200D43094 /* PBXContainerItemProxy */;
		};
/* End PBXTargetDependency section */

/* Begin PBXVariantGroup section */
		B31486201C5CA7F200D43094 /* LaunchScreen.storyboard */ = {
			isa = PBXVariantGroup;
			children = (
				B31486211C5CA7F200D43094 /* Base */,
			);
			name = LaunchScreen.storyboard;
			sourceTree = "<group>";
		};
/* End PBXVariantGroup section */

/* Begin XCBuildConfiguration section */
		B314863A1C5CA7F200D43094 /* Debug */ = {
			isa = XCBuildConfiguration;
			buildSettings = {
				ALWAYS_SEARCH_USER_PATHS = NO;
				CLANG_CXX_LANGUAGE_STANDARD = "gnu++0x";
				CLANG_CXX_LIBRARY = "libc++";
				CLANG_ENABLE_MODULES = YES;
				CLANG_ENABLE_OBJC_ARC = YES;
				CLANG_WARN_BOOL_CONVERSION = YES;
				CLANG_WARN_CONSTANT_CONVERSION = YES;
				CLANG_WARN_DIRECT_OBJC_ISA_USAGE = YES_ERROR;
				CLANG_WARN_EMPTY_BODY = YES;
				CLANG_WARN_ENUM_CONVERSION = YES;
				CLANG_WARN_INT_CONVERSION = YES;
				CLANG_WARN_OBJC_ROOT_CLASS = YES_ERROR;
				CLANG_WARN_UNREACHABLE_CODE = YES;
				CLANG_WARN__DUPLICATE_METHOD_MATCH = YES;
				"CODE_SIGN_IDENTITY[sdk=iphoneos*]" = "iPhone Developer";
				COPY_PHASE_STRIP = NO;
				DEBUG_INFORMATION_FORMAT = dwarf;
				ENABLE_STRICT_OBJC_MSGSEND = YES;
				ENABLE_TESTABILITY = YES;
				GCC_C_LANGUAGE_STANDARD = gnu99;
				GCC_DYNAMIC_NO_PIC = NO;
				GCC_NO_COMMON_BLOCKS = YES;
				GCC_OPTIMIZATION_LEVEL = 0;
				GCC_PREPROCESSOR_DEFINITIONS = (
					"DEBUG=1",
					"$(inherited)",
				);
				GCC_WARN_64_TO_32_BIT_CONVERSION = YES;
				GCC_WARN_ABOUT_RETURN_TYPE = YES_ERROR;
				GCC_WARN_UNDECLARED_SELECTOR = YES;
				GCC_WARN_UNINITIALIZED_AUTOS = YES_AGGRESSIVE;
				GCC_WARN_UNUSED_FUNCTION = YES;
				GCC_WARN_UNUSED_VARIABLE = YES;
				IPHONEOS_DEPLOYMENT_TARGET = 9.2;
				MTL_ENABLE_DEBUG_INFO = YES;
				ONLY_ACTIVE_ARCH = YES;
				SDKROOT = iphoneos;
			};
			name = Debug;
		};
		B314863B1C5CA7F200D43094 /* Release */ = {
			isa = XCBuildConfiguration;
			buildSettings = {
				ALWAYS_SEARCH_USER_PATHS = NO;
				CLANG_CXX_LANGUAGE_STANDARD = "gnu++0x";
				CLANG_CXX_LIBRARY = "libc++";
				CLANG_ENABLE_MODULES = YES;
				CLANG_ENABLE_OBJC_ARC = YES;
				CLANG_WARN_BOOL_CONVERSION = YES;
				CLANG_WARN_CONSTANT_CONVERSION = YES;
				CLANG_WARN_DIRECT_OBJC_ISA_USAGE = YES_ERROR;
				CLANG_WARN_EMPTY_BODY = YES;
				CLANG_WARN_ENUM_CONVERSION = YES;
				CLANG_WARN_INT_CONVERSION = YES;
				CLANG_WARN_OBJC_ROOT_CLASS = YES_ERROR;
				CLANG_WARN_UNREACHABLE_CODE = YES;
				CLANG_WARN__DUPLICATE_METHOD_MATCH = YES;
				"CODE_SIGN_IDENTITY[sdk=iphoneos*]" = "iPhone Developer";
				COPY_PHASE_STRIP = NO;
				DEBUG_INFORMATION_FORMAT = "dwarf-with-dsym";
				ENABLE_NS_ASSERTIONS = NO;
				ENABLE_STRICT_OBJC_MSGSEND = YES;
				GCC_C_LANGUAGE_STANDARD = gnu99;
				GCC_NO_COMMON_BLOCKS = YES;
				GCC_WARN_64_TO_32_BIT_CONVERSION = YES;
				GCC_WARN_ABOUT_RETURN_TYPE = YES_ERROR;
				GCC_WARN_UNDECLARED_SELECTOR = YES;
				GCC_WARN_UNINITIALIZED_AUTOS = YES_AGGRESSIVE;
				GCC_WARN_UNUSED_FUNCTION = YES;
				GCC_WARN_UNUSED_VARIABLE = YES;
				IPHONEOS_DEPLOYMENT_TARGET = 9.2;
				MTL_ENABLE_DEBUG_INFO = NO;
				SDKROOT = iphoneos;
				VALIDATE_PRODUCT = YES;
			};
			name = Release;
		};
		B314863D1C5CA7F200D43094 /* Debug */ = {
			isa = XCBuildConfiguration;
			baseConfigurationReference = 9F45FA89B5DE4974F9148990 /* Pods-weibo.debug.xcconfig */;
			buildSettings = {
				ASSETCATALOG_COMPILER_APPICON_NAME = AppIcon;
				GCC_PREFIX_HEADER = weibo/Classes/Other/weibo.pch;
				INFOPLIST_FILE = weibo/Info.plist;
				IPHONEOS_DEPLOYMENT_TARGET = 7.0;
				LD_RUNPATH_SEARCH_PATHS = "$(inherited) @executable_path/Frameworks";
				PRODUCT_BUNDLE_IDENTIFIER = com.leo.weibo;
				PRODUCT_NAME = "$(TARGET_NAME)";
			};
			name = Debug;
		};
		B314863E1C5CA7F200D43094 /* Release */ = {
			isa = XCBuildConfiguration;
			baseConfigurationReference = A5F4AC93093C7A70AADB6CFA /* Pods-weibo.release.xcconfig */;
			buildSettings = {
				ASSETCATALOG_COMPILER_APPICON_NAME = AppIcon;
				GCC_PREFIX_HEADER = weibo/Classes/Other/weibo.pch;
				INFOPLIST_FILE = weibo/Info.plist;
				IPHONEOS_DEPLOYMENT_TARGET = 7.0;
				LD_RUNPATH_SEARCH_PATHS = "$(inherited) @executable_path/Frameworks";
				PRODUCT_BUNDLE_IDENTIFIER = com.leo.weibo;
				PRODUCT_NAME = "$(TARGET_NAME)";
			};
			name = Release;
		};
		B31486401C5CA7F200D43094 /* Debug */ = {
			isa = XCBuildConfiguration;
			buildSettings = {
				BUNDLE_LOADER = "$(TEST_HOST)";
				INFOPLIST_FILE = weiboTests/Info.plist;
				LD_RUNPATH_SEARCH_PATHS = "$(inherited) @executable_path/Frameworks @loader_path/Frameworks";
				PRODUCT_BUNDLE_IDENTIFIER = com.leo.weiboTests;
				PRODUCT_NAME = "$(TARGET_NAME)";
				TEST_HOST = "$(BUILT_PRODUCTS_DIR)/weibo.app/weibo";
			};
			name = Debug;
		};
		B31486411C5CA7F200D43094 /* Release */ = {
			isa = XCBuildConfiguration;
			buildSettings = {
				BUNDLE_LOADER = "$(TEST_HOST)";
				INFOPLIST_FILE = weiboTests/Info.plist;
				LD_RUNPATH_SEARCH_PATHS = "$(inherited) @executable_path/Frameworks @loader_path/Frameworks";
				PRODUCT_BUNDLE_IDENTIFIER = com.leo.weiboTests;
				PRODUCT_NAME = "$(TARGET_NAME)";
				TEST_HOST = "$(BUILT_PRODUCTS_DIR)/weibo.app/weibo";
			};
			name = Release;
		};
		B31486431C5CA7F200D43094 /* Debug */ = {
			isa = XCBuildConfiguration;
			buildSettings = {
				INFOPLIST_FILE = weiboUITests/Info.plist;
				LD_RUNPATH_SEARCH_PATHS = "$(inherited) @executable_path/Frameworks @loader_path/Frameworks";
				PRODUCT_BUNDLE_IDENTIFIER = com.leo.weiboUITests;
				PRODUCT_NAME = "$(TARGET_NAME)";
				TEST_TARGET_NAME = weibo;
				USES_XCTRUNNER = YES;
			};
			name = Debug;
		};
		B31486441C5CA7F200D43094 /* Release */ = {
			isa = XCBuildConfiguration;
			buildSettings = {
				INFOPLIST_FILE = weiboUITests/Info.plist;
				LD_RUNPATH_SEARCH_PATHS = "$(inherited) @executable_path/Frameworks @loader_path/Frameworks";
				PRODUCT_BUNDLE_IDENTIFIER = com.leo.weiboUITests;
				PRODUCT_NAME = "$(TARGET_NAME)";
				TEST_TARGET_NAME = weibo;
				USES_XCTRUNNER = YES;
			};
			name = Release;
		};
/* End XCBuildConfiguration section */

/* Begin XCConfigurationList section */
		B314860A1C5CA7F200D43094 /* Build configuration list for PBXProject "weibo" */ = {
			isa = XCConfigurationList;
			buildConfigurations = (
				B314863A1C5CA7F200D43094 /* Debug */,
				B314863B1C5CA7F200D43094 /* Release */,
			);
			defaultConfigurationIsVisible = 0;
			defaultConfigurationName = Release;
		};
		B314863C1C5CA7F200D43094 /* Build configuration list for PBXNativeTarget "weibo" */ = {
			isa = XCConfigurationList;
			buildConfigurations = (
				B314863D1C5CA7F200D43094 /* Debug */,
				B314863E1C5CA7F200D43094 /* Release */,
			);
			defaultConfigurationIsVisible = 0;
			defaultConfigurationName = Release;
		};
		B314863F1C5CA7F200D43094 /* Build configuration list for PBXNativeTarget "weiboTests" */ = {
			isa = XCConfigurationList;
			buildConfigurations = (
				B31486401C5CA7F200D43094 /* Debug */,
				B31486411C5CA7F200D43094 /* Release */,
			);
			defaultConfigurationIsVisible = 0;
			defaultConfigurationName = Release;
		};
		B31486421C5CA7F200D43094 /* Build configuration list for PBXNativeTarget "weiboUITests" */ = {
			isa = XCConfigurationList;
			buildConfigurations = (
				B31486431C5CA7F200D43094 /* Debug */,
				B31486441C5CA7F200D43094 /* Release */,
			);
			defaultConfigurationIsVisible = 0;
			defaultConfigurationName = Release;
		};
/* End XCConfigurationList section */
	};
	rootObject = B31486071C5CA7F200D43094 /* Project object */;
}
